// !$*UTF8*$!
{
	archiveVersion = 1;
	classes = {
	};
	objectVersion = 56;
	objects = {

/* Begin PBXBuildFile section */
		3035135F2A9C365900C432FF /* ChatViewData.swift in Sources */ = {isa = PBXBuildFile; fileRef = 3035135E2A9C365900C432FF /* ChatViewData.swift */; };
		303513612A9C3C9200C432FF /* DataViewModel.swift in Sources */ = {isa = PBXBuildFile; fileRef = 303513602A9C3C9200C432FF /* DataViewModel.swift */; };
		3053F3A92A92B19B00046BD1 /* Self_HelpApp.swift in Sources */ = {isa = PBXBuildFile; fileRef = 3053F3A82A92B19B00046BD1 /* Self_HelpApp.swift */; };
		3053F3AB2A92B19B00046BD1 /* ContentView.swift in Sources */ = {isa = PBXBuildFile; fileRef = 3053F3AA2A92B19B00046BD1 /* ContentView.swift */; };
		3053F3AD2A92B19C00046BD1 /* Assets.xcassets in Resources */ = {isa = PBXBuildFile; fileRef = 3053F3AC2A92B19C00046BD1 /* Assets.xcassets */; };
		3053F3BD2A92DB0B00046BD1 /* AuthViewModel.swift in Sources */ = {isa = PBXBuildFile; fileRef = 3053F3BC2A92DB0B00046BD1 /* AuthViewModel.swift */; };
		3053F3C12A92DBA800046BD1 /* Alamofire in Frameworks */ = {isa = PBXBuildFile; productRef = 3053F3C02A92DBA800046BD1 /* Alamofire */; };
		3053F3C42A92DC4800046BD1 /* FirebaseAnalytics in Frameworks */ = {isa = PBXBuildFile; productRef = 3053F3C32A92DC4800046BD1 /* FirebaseAnalytics */; };
		3053F3C62A92DC4800046BD1 /* FirebaseAnalyticsOnDeviceConversion in Frameworks */ = {isa = PBXBuildFile; productRef = 3053F3C52A92DC4800046BD1 /* FirebaseAnalyticsOnDeviceConversion */; };
		3053F3C82A92DC4800046BD1 /* FirebaseAnalyticsSwift in Frameworks */ = {isa = PBXBuildFile; productRef = 3053F3C72A92DC4800046BD1 /* FirebaseAnalyticsSwift */; };
		3053F3CA2A92DC4800046BD1 /* FirebaseAnalyticsWithoutAdIdSupport in Frameworks */ = {isa = PBXBuildFile; productRef = 3053F3C92A92DC4800046BD1 /* FirebaseAnalyticsWithoutAdIdSupport */; };
		3053F3CC2A92DC4800046BD1 /* FirebaseAppCheck in Frameworks */ = {isa = PBXBuildFile; productRef = 3053F3CB2A92DC4800046BD1 /* FirebaseAppCheck */; };
		3053F3CE2A92DC4800046BD1 /* FirebaseAuth in Frameworks */ = {isa = PBXBuildFile; productRef = 3053F3CD2A92DC4800046BD1 /* FirebaseAuth */; };
		3053F3D02A92DC4800046BD1 /* FirebaseAuthCombine-Community in Frameworks */ = {isa = PBXBuildFile; productRef = 3053F3CF2A92DC4800046BD1 /* FirebaseAuthCombine-Community */; };
		3053F3D22A92DC4800046BD1 /* FirebaseCrashlytics in Frameworks */ = {isa = PBXBuildFile; productRef = 3053F3D12A92DC4800046BD1 /* FirebaseCrashlytics */; };
		3053F3D42A92DC4800046BD1 /* FirebaseDatabase in Frameworks */ = {isa = PBXBuildFile; productRef = 3053F3D32A92DC4800046BD1 /* FirebaseDatabase */; };
		3053F3D62A92DC4900046BD1 /* FirebaseDatabaseSwift in Frameworks */ = {isa = PBXBuildFile; productRef = 3053F3D52A92DC4900046BD1 /* FirebaseDatabaseSwift */; };
		3053F3D82A92DC4900046BD1 /* FirebaseDynamicLinks in Frameworks */ = {isa = PBXBuildFile; productRef = 3053F3D72A92DC4900046BD1 /* FirebaseDynamicLinks */; };
		3053F3DA2A92DC4900046BD1 /* FirebaseFirestore in Frameworks */ = {isa = PBXBuildFile; productRef = 3053F3D92A92DC4900046BD1 /* FirebaseFirestore */; };
		3053F3DC2A92DC4900046BD1 /* FirebaseFirestoreCombine-Community in Frameworks */ = {isa = PBXBuildFile; productRef = 3053F3DB2A92DC4900046BD1 /* FirebaseFirestoreCombine-Community */; };
		3053F3DE2A92DC4900046BD1 /* FirebaseFirestoreSwift in Frameworks */ = {isa = PBXBuildFile; productRef = 3053F3DD2A92DC4900046BD1 /* FirebaseFirestoreSwift */; };
		3053F3E02A92DC4A00046BD1 /* FirebaseFunctions in Frameworks */ = {isa = PBXBuildFile; productRef = 3053F3DF2A92DC4A00046BD1 /* FirebaseFunctions */; };
		3053F3E22A92DC4A00046BD1 /* FirebaseFunctionsCombine-Community in Frameworks */ = {isa = PBXBuildFile; productRef = 3053F3E12A92DC4A00046BD1 /* FirebaseFunctionsCombine-Community */; };
		3053F3E42A92DC4A00046BD1 /* FirebaseInAppMessaging-Beta in Frameworks */ = {isa = PBXBuildFile; productRef = 3053F3E32A92DC4A00046BD1 /* FirebaseInAppMessaging-Beta */; };
		3053F3E62A92DC4B00046BD1 /* FirebaseInAppMessagingSwift-Beta in Frameworks */ = {isa = PBXBuildFile; productRef = 3053F3E52A92DC4B00046BD1 /* FirebaseInAppMessagingSwift-Beta */; };
		3053F3E82A92DC4B00046BD1 /* FirebaseInstallations in Frameworks */ = {isa = PBXBuildFile; productRef = 3053F3E72A92DC4B00046BD1 /* FirebaseInstallations */; };
		3053F3EA2A92DC4B00046BD1 /* FirebaseMLModelDownloader in Frameworks */ = {isa = PBXBuildFile; productRef = 3053F3E92A92DC4B00046BD1 /* FirebaseMLModelDownloader */; };
		3053F3EC2A92DC4C00046BD1 /* FirebasePerformance in Frameworks */ = {isa = PBXBuildFile; productRef = 3053F3EB2A92DC4C00046BD1 /* FirebasePerformance */; };
		3053F3EE2A92DC4C00046BD1 /* FirebaseRemoteConfig in Frameworks */ = {isa = PBXBuildFile; productRef = 3053F3ED2A92DC4C00046BD1 /* FirebaseRemoteConfig */; };
		3053F3F02A92DC4C00046BD1 /* FirebaseRemoteConfigSwift in Frameworks */ = {isa = PBXBuildFile; productRef = 3053F3EF2A92DC4C00046BD1 /* FirebaseRemoteConfigSwift */; };
		3053F3F22A92DC4D00046BD1 /* FirebaseStorage in Frameworks */ = {isa = PBXBuildFile; productRef = 3053F3F12A92DC4D00046BD1 /* FirebaseStorage */; };
		3053F3F42A92DC4D00046BD1 /* FirebaseStorageCombine-Community in Frameworks */ = {isa = PBXBuildFile; productRef = 3053F3F32A92DC4D00046BD1 /* FirebaseStorageCombine-Community */; };
		3053F3F72A92DC9C00046BD1 /* GoogleSignIn in Frameworks */ = {isa = PBXBuildFile; productRef = 3053F3F62A92DC9C00046BD1 /* GoogleSignIn */; };
		3053F3F92A92DC9C00046BD1 /* GoogleSignInSwift in Frameworks */ = {isa = PBXBuildFile; productRef = 3053F3F82A92DC9C00046BD1 /* GoogleSignInSwift */; };
		3053F3FB2A92DCB600046BD1 /* +View.swift in Sources */ = {isa = PBXBuildFile; fileRef = 3053F3FA2A92DCB600046BD1 /* +View.swift */; };
		3053F3FD2A92DCBD00046BD1 /* FirebAuth.swift in Sources */ = {isa = PBXBuildFile; fileRef = 3053F3FC2A92DCBD00046BD1 /* FirebAuth.swift */; };
		3053F3FF2A92DD0200046BD1 /* ShimmerEffect.swift in Sources */ = {isa = PBXBuildFile; fileRef = 3053F3FE2A92DD0200046BD1 /* ShimmerEffect.swift */; };
		3053F4012A92DD0900046BD1 /* SettingsRowView.swift in Sources */ = {isa = PBXBuildFile; fileRef = 3053F4002A92DD0900046BD1 /* SettingsRowView.swift */; };
		3053F4032A92DD1100046BD1 /* InputView.swift in Sources */ = {isa = PBXBuildFile; fileRef = 3053F4022A92DD1100046BD1 /* InputView.swift */; };
		3053F4052A92DD2200046BD1 /* RegistrationView.swift in Sources */ = {isa = PBXBuildFile; fileRef = 3053F4042A92DD2200046BD1 /* RegistrationView.swift */; };
		3053F4072A92DD2800046BD1 /* GoogleSiginBtn.swift in Sources */ = {isa = PBXBuildFile; fileRef = 3053F4062A92DD2800046BD1 /* GoogleSiginBtn.swift */; };
		3053F4092A92DD2D00046BD1 /* SinginViewMOdel.swift in Sources */ = {isa = PBXBuildFile; fileRef = 3053F4082A92DD2D00046BD1 /* SinginViewMOdel.swift */; };
		3053F40B2A92DD3200046BD1 /* LoginView.swift in Sources */ = {isa = PBXBuildFile; fileRef = 3053F40A2A92DD3200046BD1 /* LoginView.swift */; };
		3053F40D2A92DD3600046BD1 /* ForgotPassword.swift in Sources */ = {isa = PBXBuildFile; fileRef = 3053F40C2A92DD3600046BD1 /* ForgotPassword.swift */; };
		3053F4102A92DD5000046BD1 /* ProfileView.swift in Sources */ = {isa = PBXBuildFile; fileRef = 3053F40F2A92DD5000046BD1 /* ProfileView.swift */; };
		3053F4122A92DE6A00046BD1 /* GoogleService-Info.plist in Resources */ = {isa = PBXBuildFile; fileRef = 3053F4112A92DE6A00046BD1 /* GoogleService-Info.plist */; };
		3053F4142A92DEE600046BD1 /* User.swift in Sources */ = {isa = PBXBuildFile; fileRef = 3053F4132A92DEE600046BD1 /* User.swift */; };
		3053F4172A92DF2B00046BD1 /* Home.swift in Sources */ = {isa = PBXBuildFile; fileRef = 3053F4162A92DF2B00046BD1 /* Home.swift */; };
		3053F4192A92DF3000046BD1 /* TabModel.swift in Sources */ = {isa = PBXBuildFile; fileRef = 3053F4182A92DF3000046BD1 /* TabModel.swift */; };
		3053F41B2A92DF3400046BD1 /* TabPosition.swift in Sources */ = {isa = PBXBuildFile; fileRef = 3053F41A2A92DF3400046BD1 /* TabPosition.swift */; };
		3053F4212A92E01100046BD1 /* ChatView.swift in Sources */ = {isa = PBXBuildFile; fileRef = 3053F4202A92E01100046BD1 /* ChatView.swift */; };
		3053F4232A92E01800046BD1 /* ChatViewModel.swift in Sources */ = {isa = PBXBuildFile; fileRef = 3053F4222A92E01800046BD1 /* ChatViewModel.swift */; };
		3053F4252A92E02400046BD1 /* OpenAIService.swift in Sources */ = {isa = PBXBuildFile; fileRef = 3053F4242A92E02400046BD1 /* OpenAIService.swift */; };
		3053F4272A92E03000046BD1 /* Constants.swift in Sources */ = {isa = PBXBuildFile; fileRef = 3053F4262A92E03000046BD1 /* Constants.swift */; };
		3053F4292A92F72A00046BD1 /* InformationData.swift in Sources */ = {isa = PBXBuildFile; fileRef = 3053F4282A92F72A00046BD1 /* InformationData.swift */; };
		309755822AB53B1D00A3BBA2 /* SceneDelegate.swift in Sources */ = {isa = PBXBuildFile; fileRef = 309755812AB53B1D00A3BBA2 /* SceneDelegate.swift */; };
		3097558B2AB53D1C00A3BBA2 /* Finalsnow2.mp4 in Resources */ = {isa = PBXBuildFile; fileRef = 3097558A2AB53D1C00A3BBA2 /* Finalsnow2.mp4 */; };
		30AE2A3D2ABFBA6F00A9EA21 /* UserData.swift in Sources */ = {isa = PBXBuildFile; fileRef = 30AE2A3C2ABFBA6F00A9EA21 /* UserData.swift */; };
		30AE2A3F2ABFBA7B00A9EA21 /* ChatInListModel.swift in Sources */ = {isa = PBXBuildFile; fileRef = 30AE2A3E2ABFBA7B00A9EA21 /* ChatInListModel.swift */; };
		30AE2A432ABFBAAC00A9EA21 /* CheckInDataService.swift in Sources */ = {isa = PBXBuildFile; fileRef = 30AE2A422ABFBAAC00A9EA21 /* CheckInDataService.swift */; };
		30AE2A452ABFBAC100A9EA21 /* UserDataDataService.swift in Sources */ = {isa = PBXBuildFile; fileRef = 30AE2A442ABFBAC100A9EA21 /* UserDataDataService.swift */; };
		30AE2A472ABFBBC300A9EA21 /* Anger.swift in Sources */ = {isa = PBXBuildFile; fileRef = 30AE2A462ABFBBC300A9EA21 /* Anger.swift */; };
		30AE2A492ABFBBC700A9EA21 /* Anxiety.swift in Sources */ = {isa = PBXBuildFile; fileRef = 30AE2A482ABFBBC700A9EA21 /* Anxiety.swift */; };
		30AE2A4B2ABFBBCC00A9EA21 /* Depression.swift in Sources */ = {isa = PBXBuildFile; fileRef = 30AE2A4A2ABFBBCC00A9EA21 /* Depression.swift */; };
		30AE2A4D2ABFBBD000A9EA21 /* Fear.swift in Sources */ = {isa = PBXBuildFile; fileRef = 30AE2A4C2ABFBBD000A9EA21 /* Fear.swift */; };
		30AE2A4F2ABFBBD400A9EA21 /* Guilt.swift in Sources */ = {isa = PBXBuildFile; fileRef = 30AE2A4E2ABFBBD400A9EA21 /* Guilt.swift */; };
		30AE2A512ABFBBD800A9EA21 /* LoopingPlayer.swift in Sources */ = {isa = PBXBuildFile; fileRef = 30AE2A502ABFBBD800A9EA21 /* LoopingPlayer.swift */; };
		30AE2A532ABFBBDC00A9EA21 /* OnBoarding1.swift in Sources */ = {isa = PBXBuildFile; fileRef = 30AE2A522ABFBBDC00A9EA21 /* OnBoarding1.swift */; };
		30AE2A552ABFBBE300A9EA21 /* OnBoarding1Gender.swift in Sources */ = {isa = PBXBuildFile; fileRef = 30AE2A542ABFBBE300A9EA21 /* OnBoarding1Gender.swift */; };
		30AE2A572ABFBBE700A9EA21 /* OnBoarding2.swift in Sources */ = {isa = PBXBuildFile; fileRef = 30AE2A562ABFBBE700A9EA21 /* OnBoarding2.swift */; };
		30AE2A592ABFBBF000A9EA21 /* OnBoarding3.swift in Sources */ = {isa = PBXBuildFile; fileRef = 30AE2A582ABFBBF000A9EA21 /* OnBoarding3.swift */; };
		30AE2A5B2ABFBBF800A9EA21 /* OnBoarding4.swift in Sources */ = {isa = PBXBuildFile; fileRef = 30AE2A5A2ABFBBF800A9EA21 /* OnBoarding4.swift */; };
		30AE2A5D2ABFBBFC00A9EA21 /* OnBoarding5.swift in Sources */ = {isa = PBXBuildFile; fileRef = 30AE2A5C2ABFBBFC00A9EA21 /* OnBoarding5.swift */; };
		30AE2A5F2ABFBC0200A9EA21 /* OnBoarding6.swift in Sources */ = {isa = PBXBuildFile; fileRef = 30AE2A5E2ABFBC0200A9EA21 /* OnBoarding6.swift */; };
		30AE2A612ABFBC0600A9EA21 /* OnBoardingControlView.swift in Sources */ = {isa = PBXBuildFile; fileRef = 30AE2A602ABFBC0600A9EA21 /* OnBoardingControlView.swift */; };
		30AE2A632ABFBC0C00A9EA21 /* OnBoardingNextButton.swift in Sources */ = {isa = PBXBuildFile; fileRef = 30AE2A622ABFBC0C00A9EA21 /* OnBoardingNextButton.swift */; };
		30AE2A652ABFBC1100A9EA21 /* SelfHelpButton.swift in Sources */ = {isa = PBXBuildFile; fileRef = 30AE2A642ABFBC1100A9EA21 /* SelfHelpButton.swift */; };
		30AE2A672ABFBC1500A9EA21 /* SelfHelpButton2Button.swift in Sources */ = {isa = PBXBuildFile; fileRef = 30AE2A662ABFBC1500A9EA21 /* SelfHelpButton2Button.swift */; };
		30AE2A692ABFBC1900A9EA21 /* Shame.swift in Sources */ = {isa = PBXBuildFile; fileRef = 30AE2A682ABFBC1900A9EA21 /* Shame.swift */; };
		30AE2A6B2ABFBC1E00A9EA21 /* Video.swift in Sources */ = {isa = PBXBuildFile; fileRef = 30AE2A6A2ABFBC1E00A9EA21 /* Video.swift */; };
		30AE2A6F2ABFBC5E00A9EA21 /* CheckInListView.swift in Sources */ = {isa = PBXBuildFile; fileRef = 30AE2A6E2ABFBC5E00A9EA21 /* CheckInListView.swift */; };
		30AE2A712ABFBC6300A9EA21 /* CreateCheckinView.swift in Sources */ = {isa = PBXBuildFile; fileRef = 30AE2A702ABFBC6200A9EA21 /* CreateCheckinView.swift */; };
		30AE2A732ABFBC7400A9EA21 /* CheckInViewModel.swift in Sources */ = {isa = PBXBuildFile; fileRef = 30AE2A722ABFBC7400A9EA21 /* CheckInViewModel.swift */; };
		30AE2A752ABFBC7800A9EA21 /* UserDataViewModel.swift in Sources */ = {isa = PBXBuildFile; fileRef = 30AE2A742ABFBC7800A9EA21 /* UserDataViewModel.swift */; };
		30AE2A772ABFBD5800A9EA21 /* WhiteInputView.swift in Sources */ = {isa = PBXBuildFile; fileRef = 30AE2A762ABFBD5800A9EA21 /* WhiteInputView.swift */; };
		30AE2A792ABFBEC300A9EA21 /* CheckInEdit.swift in Sources */ = {isa = PBXBuildFile; fileRef = 30AE2A782ABFBEC200A9EA21 /* CheckInEdit.swift */; };
		30CCD84D2AC20E1B0058299C /* SettingsForBreatheAnimation.swift in Sources */ = {isa = PBXBuildFile; fileRef = 30CCD84C2AC20E1B0058299C /* SettingsForBreatheAnimation.swift */; };
		30CCD84F2AC20E200058299C /* BreatheAnimationView.swift in Sources */ = {isa = PBXBuildFile; fileRef = 30CCD84E2AC20E200058299C /* BreatheAnimationView.swift */; };
		30CCD8512AC20E240058299C /* BreathAnimationCategoryView.swift in Sources */ = {isa = PBXBuildFile; fileRef = 30CCD8502AC20E240058299C /* BreathAnimationCategoryView.swift */; };
		30CCD8552AC20E480058299C /* BreathAnimationPickerView.swift in Sources */ = {isa = PBXBuildFile; fileRef = 30CCD8542AC20E480058299C /* BreathAnimationPickerView.swift */; };
		30CCD8572AC20E660058299C /* FlowerView.swift in Sources */ = {isa = PBXBuildFile; fileRef = 30CCD8562AC20E660058299C /* FlowerView.swift */; };
		30CCD8592AC20E6E0058299C /* Transition+Extension.swift in Sources */ = {isa = PBXBuildFile; fileRef = 30CCD8582AC20E6E0058299C /* Transition+Extension.swift */; };
		30CCD85B2AC2113B0058299C /* WimHofBreatheSettings.swift in Sources */ = {isa = PBXBuildFile; fileRef = 30CCD85A2AC2113B0058299C /* WimHofBreatheSettings.swift */; };
		30CCD85D2AC214660058299C /* WimHofBreathAnimationView.swift in Sources */ = {isa = PBXBuildFile; fileRef = 30CCD85C2AC214660058299C /* WimHofBreathAnimationView.swift */; };
		30FD37962AA16BE70071F843 /* ChatListView.swift in Sources */ = {isa = PBXBuildFile; fileRef = 30FD37952AA16BE70071F843 /* ChatListView.swift */; };
		A5787CE82ABBC65900973ACB /* AppDelegate.swift in Sources */ = {isa = PBXBuildFile; fileRef = A5787CE72ABBC65900973ACB /* AppDelegate.swift */; };
		A5B64EA82AB66B5400ABEB3E /* cumFaceFlower.mov in Resources */ = {isa = PBXBuildFile; fileRef = A5B64EA72AB66B5400ABEB3E /* cumFaceFlower.mov */; };
		A5B64EF22AB6736600ABEB3E /* pngSeq_00050.png in Resources */ = {isa = PBXBuildFile; fileRef = A5B64EAA2AB6736600ABEB3E /* pngSeq_00050.png */; };
		A5B64EF32AB6736600ABEB3E /* pngSeq_00044.png in Resources */ = {isa = PBXBuildFile; fileRef = A5B64EAB2AB6736600ABEB3E /* pngSeq_00044.png */; };
		A5B64EF42AB6736600ABEB3E /* pngSeq_00045.png in Resources */ = {isa = PBXBuildFile; fileRef = A5B64EAC2AB6736600ABEB3E /* pngSeq_00045.png */; };
		A5B64EF52AB6736600ABEB3E /* pngSeq_00051.png in Resources */ = {isa = PBXBuildFile; fileRef = A5B64EAD2AB6736600ABEB3E /* pngSeq_00051.png */; };
		A5B64EF62AB6736600ABEB3E /* pngSeq_00047.png in Resources */ = {isa = PBXBuildFile; fileRef = A5B64EAE2AB6736600ABEB3E /* pngSeq_00047.png */; };
		A5B64EF72AB6736600ABEB3E /* pngSeq_00053.png in Resources */ = {isa = PBXBuildFile; fileRef = A5B64EAF2AB6736600ABEB3E /* pngSeq_00053.png */; };
		A5B64EF82AB6736600ABEB3E /* pngSeq_00052.png in Resources */ = {isa = PBXBuildFile; fileRef = A5B64EB02AB6736600ABEB3E /* pngSeq_00052.png */; };
		A5B64EF92AB6736600ABEB3E /* pngSeq_00046.png in Resources */ = {isa = PBXBuildFile; fileRef = A5B64EB12AB6736600ABEB3E /* pngSeq_00046.png */; };
		A5B64EFA2AB6736600ABEB3E /* pngSeq_00042.png in Resources */ = {isa = PBXBuildFile; fileRef = A5B64EB22AB6736600ABEB3E /* pngSeq_00042.png */; };
		A5B64EFB2AB6736600ABEB3E /* pngSeq_00056.png in Resources */ = {isa = PBXBuildFile; fileRef = A5B64EB32AB6736600ABEB3E /* pngSeq_00056.png */; };
		A5B64EFC2AB6736600ABEB3E /* pngSeq_00057.png in Resources */ = {isa = PBXBuildFile; fileRef = A5B64EB42AB6736600ABEB3E /* pngSeq_00057.png */; };
		A5B64EFD2AB6736600ABEB3E /* pngSeq_00043.png in Resources */ = {isa = PBXBuildFile; fileRef = A5B64EB52AB6736600ABEB3E /* pngSeq_00043.png */; };
		A5B64EFE2AB6736600ABEB3E /* pngSeq_00055.png in Resources */ = {isa = PBXBuildFile; fileRef = A5B64EB62AB6736600ABEB3E /* pngSeq_00055.png */; };
		A5B64EFF2AB6736600ABEB3E /* pngSeq_00041.png in Resources */ = {isa = PBXBuildFile; fileRef = A5B64EB72AB6736600ABEB3E /* pngSeq_00041.png */; };
		A5B64F002AB6736600ABEB3E /* pngSeq_00069.png in Resources */ = {isa = PBXBuildFile; fileRef = A5B64EB82AB6736600ABEB3E /* pngSeq_00069.png */; };
		A5B64F012AB6736600ABEB3E /* pngSeq_00068.png in Resources */ = {isa = PBXBuildFile; fileRef = A5B64EB92AB6736600ABEB3E /* pngSeq_00068.png */; };
		A5B64F022AB6736600ABEB3E /* pngSeq_00040.png in Resources */ = {isa = PBXBuildFile; fileRef = A5B64EBA2AB6736600ABEB3E /* pngSeq_00040.png */; };
		A5B64F032AB6736600ABEB3E /* pngSeq_00054.png in Resources */ = {isa = PBXBuildFile; fileRef = A5B64EBB2AB6736600ABEB3E /* pngSeq_00054.png */; };
		A5B64F042AB6736600ABEB3E /* pngSeq_00033.png in Resources */ = {isa = PBXBuildFile; fileRef = A5B64EBC2AB6736600ABEB3E /* pngSeq_00033.png */; };
		A5B64F052AB6736600ABEB3E /* pngSeq_00027.png in Resources */ = {isa = PBXBuildFile; fileRef = A5B64EBD2AB6736600ABEB3E /* pngSeq_00027.png */; };
		A5B64F062AB6736600ABEB3E /* pngSeq_00026.png in Resources */ = {isa = PBXBuildFile; fileRef = A5B64EBE2AB6736600ABEB3E /* pngSeq_00026.png */; };
		A5B64F072AB6736600ABEB3E /* pngSeq_00032.png in Resources */ = {isa = PBXBuildFile; fileRef = A5B64EBF2AB6736600ABEB3E /* pngSeq_00032.png */; };
		A5B64F082AB6736600ABEB3E /* pngSeq_00018.png in Resources */ = {isa = PBXBuildFile; fileRef = A5B64EC02AB6736600ABEB3E /* pngSeq_00018.png */; };
		A5B64F092AB6736600ABEB3E /* pngSeq_00024.png in Resources */ = {isa = PBXBuildFile; fileRef = A5B64EC12AB6736600ABEB3E /* pngSeq_00024.png */; };
		A5B64F0A2AB6736600ABEB3E /* pngSeq_00030.png in Resources */ = {isa = PBXBuildFile; fileRef = A5B64EC22AB6736600ABEB3E /* pngSeq_00030.png */; };
		A5B64F0B2AB6736600ABEB3E /* pngSeq_00031.png in Resources */ = {isa = PBXBuildFile; fileRef = A5B64EC32AB6736600ABEB3E /* pngSeq_00031.png */; };
		A5B64F0C2AB6736600ABEB3E /* pngSeq_00025.png in Resources */ = {isa = PBXBuildFile; fileRef = A5B64EC42AB6736600ABEB3E /* pngSeq_00025.png */; };
		A5B64F0D2AB6736600ABEB3E /* pngSeq_00019.png in Resources */ = {isa = PBXBuildFile; fileRef = A5B64EC52AB6736600ABEB3E /* pngSeq_00019.png */; };
		A5B64F0E2AB6736600ABEB3E /* pngSeq_00021.png in Resources */ = {isa = PBXBuildFile; fileRef = A5B64EC62AB6736600ABEB3E /* pngSeq_00021.png */; };
		A5B64F0F2AB6736600ABEB3E /* pngSeq_00035.png in Resources */ = {isa = PBXBuildFile; fileRef = A5B64EC72AB6736600ABEB3E /* pngSeq_00035.png */; };
		A5B64F102AB6736600ABEB3E /* pngSeq_00009.png in Resources */ = {isa = PBXBuildFile; fileRef = A5B64EC82AB6736600ABEB3E /* pngSeq_00009.png */; };
		A5B64F112AB6736600ABEB3E /* pngSeq_00008.png in Resources */ = {isa = PBXBuildFile; fileRef = A5B64EC92AB6736600ABEB3E /* pngSeq_00008.png */; };
		A5B64F122AB6736600ABEB3E /* pngSeq_00034.png in Resources */ = {isa = PBXBuildFile; fileRef = A5B64ECA2AB6736600ABEB3E /* pngSeq_00034.png */; };
		A5B64F132AB6736600ABEB3E /* pngSeq_00020.png in Resources */ = {isa = PBXBuildFile; fileRef = A5B64ECB2AB6736600ABEB3E /* pngSeq_00020.png */; };
		A5B64F142AB6736600ABEB3E /* pngSeq_00036.png in Resources */ = {isa = PBXBuildFile; fileRef = A5B64ECC2AB6736600ABEB3E /* pngSeq_00036.png */; };
		A5B64F152AB6736600ABEB3E /* pngSeq_00022.png in Resources */ = {isa = PBXBuildFile; fileRef = A5B64ECD2AB6736600ABEB3E /* pngSeq_00022.png */; };
		A5B64F162AB6736600ABEB3E /* pngSeq_00023.png in Resources */ = {isa = PBXBuildFile; fileRef = A5B64ECE2AB6736600ABEB3E /* pngSeq_00023.png */; };
		A5B64F172AB6736600ABEB3E /* pngSeq_00037.png in Resources */ = {isa = PBXBuildFile; fileRef = A5B64ECF2AB6736600ABEB3E /* pngSeq_00037.png */; };
		A5B64F182AB6736600ABEB3E /* pngSeq_00012.png in Resources */ = {isa = PBXBuildFile; fileRef = A5B64ED02AB6736600ABEB3E /* pngSeq_00012.png */; };
		A5B64F192AB6736600ABEB3E /* pngSeq_00006.png in Resources */ = {isa = PBXBuildFile; fileRef = A5B64ED12AB6736600ABEB3E /* pngSeq_00006.png */; };
		A5B64F1A2AB6736600ABEB3E /* pngSeq_00007.png in Resources */ = {isa = PBXBuildFile; fileRef = A5B64ED22AB6736600ABEB3E /* pngSeq_00007.png */; };
		A5B64F1B2AB6736600ABEB3E /* pngSeq_00013.png in Resources */ = {isa = PBXBuildFile; fileRef = A5B64ED32AB6736600ABEB3E /* pngSeq_00013.png */; };
		A5B64F1C2AB6736600ABEB3E /* pngSeq_00039.png in Resources */ = {isa = PBXBuildFile; fileRef = A5B64ED42AB6736600ABEB3E /* pngSeq_00039.png */; };
		A5B64F1D2AB6736600ABEB3E /* pngSeq_00005.png in Resources */ = {isa = PBXBuildFile; fileRef = A5B64ED52AB6736600ABEB3E /* pngSeq_00005.png */; };
		A5B64F1E2AB6736600ABEB3E /* pngSeq_00011.png in Resources */ = {isa = PBXBuildFile; fileRef = A5B64ED62AB6736600ABEB3E /* pngSeq_00011.png */; };
		A5B64F1F2AB6736600ABEB3E /* pngSeq_00010.png in Resources */ = {isa = PBXBuildFile; fileRef = A5B64ED72AB6736600ABEB3E /* pngSeq_00010.png */; };
		A5B64F202AB6736600ABEB3E /* pngSeq_00004.png in Resources */ = {isa = PBXBuildFile; fileRef = A5B64ED82AB6736600ABEB3E /* pngSeq_00004.png */; };
		A5B64F212AB6736600ABEB3E /* pngSeq_00038.png in Resources */ = {isa = PBXBuildFile; fileRef = A5B64ED92AB6736600ABEB3E /* pngSeq_00038.png */; };
		A5B64F222AB6736600ABEB3E /* pngSeq_00000.png in Resources */ = {isa = PBXBuildFile; fileRef = A5B64EDA2AB6736600ABEB3E /* pngSeq_00000.png */; };
		A5B64F232AB6736600ABEB3E /* pngSeq_00014.png in Resources */ = {isa = PBXBuildFile; fileRef = A5B64EDB2AB6736600ABEB3E /* pngSeq_00014.png */; };
		A5B64F242AB6736600ABEB3E /* pngSeq_00028.png in Resources */ = {isa = PBXBuildFile; fileRef = A5B64EDC2AB6736600ABEB3E /* pngSeq_00028.png */; };
		A5B64F252AB6736600ABEB3E /* pngSeq_00029.png in Resources */ = {isa = PBXBuildFile; fileRef = A5B64EDD2AB6736600ABEB3E /* pngSeq_00029.png */; };
		A5B64F262AB6736600ABEB3E /* pngSeq_00015.png in Resources */ = {isa = PBXBuildFile; fileRef = A5B64EDE2AB6736600ABEB3E /* pngSeq_00015.png */; };
		A5B64F272AB6736600ABEB3E /* pngSeq_00001.png in Resources */ = {isa = PBXBuildFile; fileRef = A5B64EDF2AB6736600ABEB3E /* pngSeq_00001.png */; };
		A5B64F282AB6736600ABEB3E /* pngSeq_00017.png in Resources */ = {isa = PBXBuildFile; fileRef = A5B64EE02AB6736600ABEB3E /* pngSeq_00017.png */; };
		A5B64F292AB6736600ABEB3E /* pngSeq_00003.png in Resources */ = {isa = PBXBuildFile; fileRef = A5B64EE12AB6736600ABEB3E /* pngSeq_00003.png */; };
		A5B64F2A2AB6736600ABEB3E /* pngSeq_00002.png in Resources */ = {isa = PBXBuildFile; fileRef = A5B64EE22AB6736600ABEB3E /* pngSeq_00002.png */; };
		A5B64F2B2AB6736600ABEB3E /* pngSeq_00016.png in Resources */ = {isa = PBXBuildFile; fileRef = A5B64EE32AB6736600ABEB3E /* pngSeq_00016.png */; };
		A5B64F2C2AB6736600ABEB3E /* pngSeq_00059.png in Resources */ = {isa = PBXBuildFile; fileRef = A5B64EE42AB6736600ABEB3E /* pngSeq_00059.png */; };
		A5B64F2D2AB6736600ABEB3E /* pngSeq_00071.png in Resources */ = {isa = PBXBuildFile; fileRef = A5B64EE52AB6736600ABEB3E /* pngSeq_00071.png */; };
		A5B64F2E2AB6736600ABEB3E /* pngSeq_00065.png in Resources */ = {isa = PBXBuildFile; fileRef = A5B64EE62AB6736600ABEB3E /* pngSeq_00065.png */; };
		A5B64F2F2AB6736600ABEB3E /* pngSeq_00064.png in Resources */ = {isa = PBXBuildFile; fileRef = A5B64EE72AB6736600ABEB3E /* pngSeq_00064.png */; };
		A5B64F302AB6736600ABEB3E /* pngSeq_00070.png in Resources */ = {isa = PBXBuildFile; fileRef = A5B64EE82AB6736600ABEB3E /* pngSeq_00070.png */; };
		A5B64F312AB6736600ABEB3E /* pngSeq_00058.png in Resources */ = {isa = PBXBuildFile; fileRef = A5B64EE92AB6736600ABEB3E /* pngSeq_00058.png */; };
		A5B64F322AB6736600ABEB3E /* pngSeq_00066.png in Resources */ = {isa = PBXBuildFile; fileRef = A5B64EEA2AB6736600ABEB3E /* pngSeq_00066.png */; };
		A5B64F332AB6736600ABEB3E /* pngSeq_00067.png in Resources */ = {isa = PBXBuildFile; fileRef = A5B64EEB2AB6736600ABEB3E /* pngSeq_00067.png */; };
		A5B64F342AB6736600ABEB3E /* pngSeq_00063.png in Resources */ = {isa = PBXBuildFile; fileRef = A5B64EEC2AB6736600ABEB3E /* pngSeq_00063.png */; };
		A5B64F352AB6736600ABEB3E /* pngSeq_00062.png in Resources */ = {isa = PBXBuildFile; fileRef = A5B64EED2AB6736600ABEB3E /* pngSeq_00062.png */; };
		A5B64F362AB6736600ABEB3E /* pngSeq_00060.png in Resources */ = {isa = PBXBuildFile; fileRef = A5B64EEE2AB6736600ABEB3E /* pngSeq_00060.png */; };
		A5B64F372AB6736600ABEB3E /* pngSeq_00048.png in Resources */ = {isa = PBXBuildFile; fileRef = A5B64EEF2AB6736600ABEB3E /* pngSeq_00048.png */; };
		A5B64F382AB6736600ABEB3E /* pngSeq_00049.png in Resources */ = {isa = PBXBuildFile; fileRef = A5B64EF02AB6736600ABEB3E /* pngSeq_00049.png */; };
		A5B64F392AB6736600ABEB3E /* pngSeq_00061.png in Resources */ = {isa = PBXBuildFile; fileRef = A5B64EF12AB6736600ABEB3E /* pngSeq_00061.png */; };
/* End PBXBuildFile section */

/* Begin PBXFileReference section */
		3035135E2A9C365900C432FF /* ChatViewData.swift */ = {isa = PBXFileReference; lastKnownFileType = sourcecode.swift; path = ChatViewData.swift; sourceTree = "<group>"; };
		303513602A9C3C9200C432FF /* DataViewModel.swift */ = {isa = PBXFileReference; lastKnownFileType = sourcecode.swift; path = DataViewModel.swift; sourceTree = "<group>"; };
		3053F3A52A92B19B00046BD1 /* Self Help.app */ = {isa = PBXFileReference; explicitFileType = wrapper.application; includeInIndex = 0; path = "Self Help.app"; sourceTree = BUILT_PRODUCTS_DIR; };
		3053F3A82A92B19B00046BD1 /* Self_HelpApp.swift */ = {isa = PBXFileReference; lastKnownFileType = sourcecode.swift; path = Self_HelpApp.swift; sourceTree = "<group>"; };
		3053F3AA2A92B19B00046BD1 /* ContentView.swift */ = {isa = PBXFileReference; lastKnownFileType = sourcecode.swift; path = ContentView.swift; sourceTree = "<group>"; };
		3053F3AC2A92B19C00046BD1 /* Assets.xcassets */ = {isa = PBXFileReference; lastKnownFileType = folder.assetcatalog; path = Assets.xcassets; sourceTree = "<group>"; };
		3053F3BC2A92DB0B00046BD1 /* AuthViewModel.swift */ = {isa = PBXFileReference; fileEncoding = 4; lastKnownFileType = sourcecode.swift; path = AuthViewModel.swift; sourceTree = "<group>"; };
		3053F3FA2A92DCB600046BD1 /* +View.swift */ = {isa = PBXFileReference; fileEncoding = 4; lastKnownFileType = sourcecode.swift; path = "+View.swift"; sourceTree = "<group>"; };
		3053F3FC2A92DCBD00046BD1 /* FirebAuth.swift */ = {isa = PBXFileReference; fileEncoding = 4; lastKnownFileType = sourcecode.swift; path = FirebAuth.swift; sourceTree = "<group>"; };
		3053F3FE2A92DD0200046BD1 /* ShimmerEffect.swift */ = {isa = PBXFileReference; fileEncoding = 4; lastKnownFileType = sourcecode.swift; path = ShimmerEffect.swift; sourceTree = "<group>"; };
		3053F4002A92DD0900046BD1 /* SettingsRowView.swift */ = {isa = PBXFileReference; fileEncoding = 4; lastKnownFileType = sourcecode.swift; path = SettingsRowView.swift; sourceTree = "<group>"; };
		3053F4022A92DD1100046BD1 /* InputView.swift */ = {isa = PBXFileReference; fileEncoding = 4; lastKnownFileType = sourcecode.swift; path = InputView.swift; sourceTree = "<group>"; };
		3053F4042A92DD2200046BD1 /* RegistrationView.swift */ = {isa = PBXFileReference; fileEncoding = 4; lastKnownFileType = sourcecode.swift; path = RegistrationView.swift; sourceTree = "<group>"; };
		3053F4062A92DD2800046BD1 /* GoogleSiginBtn.swift */ = {isa = PBXFileReference; fileEncoding = 4; lastKnownFileType = sourcecode.swift; path = GoogleSiginBtn.swift; sourceTree = "<group>"; };
		3053F4082A92DD2D00046BD1 /* SinginViewMOdel.swift */ = {isa = PBXFileReference; fileEncoding = 4; lastKnownFileType = sourcecode.swift; path = SinginViewMOdel.swift; sourceTree = "<group>"; };
		3053F40A2A92DD3200046BD1 /* LoginView.swift */ = {isa = PBXFileReference; fileEncoding = 4; lastKnownFileType = sourcecode.swift; path = LoginView.swift; sourceTree = "<group>"; };
		3053F40C2A92DD3600046BD1 /* ForgotPassword.swift */ = {isa = PBXFileReference; fileEncoding = 4; lastKnownFileType = sourcecode.swift; path = ForgotPassword.swift; sourceTree = "<group>"; };
		3053F40F2A92DD5000046BD1 /* ProfileView.swift */ = {isa = PBXFileReference; fileEncoding = 4; lastKnownFileType = sourcecode.swift; path = ProfileView.swift; sourceTree = "<group>"; };
		3053F4112A92DE6A00046BD1 /* GoogleService-Info.plist */ = {isa = PBXFileReference; fileEncoding = 4; lastKnownFileType = text.plist.xml; path = "GoogleService-Info.plist"; sourceTree = "<group>"; };
		3053F4132A92DEE600046BD1 /* User.swift */ = {isa = PBXFileReference; fileEncoding = 4; lastKnownFileType = sourcecode.swift; path = User.swift; sourceTree = "<group>"; };
		3053F4162A92DF2B00046BD1 /* Home.swift */ = {isa = PBXFileReference; fileEncoding = 4; lastKnownFileType = sourcecode.swift; path = Home.swift; sourceTree = "<group>"; };
		3053F4182A92DF3000046BD1 /* TabModel.swift */ = {isa = PBXFileReference; fileEncoding = 4; lastKnownFileType = sourcecode.swift; path = TabModel.swift; sourceTree = "<group>"; };
		3053F41A2A92DF3400046BD1 /* TabPosition.swift */ = {isa = PBXFileReference; fileEncoding = 4; lastKnownFileType = sourcecode.swift; path = TabPosition.swift; sourceTree = "<group>"; };
		3053F4202A92E01100046BD1 /* ChatView.swift */ = {isa = PBXFileReference; fileEncoding = 4; lastKnownFileType = sourcecode.swift; path = ChatView.swift; sourceTree = "<group>"; };
		3053F4222A92E01800046BD1 /* ChatViewModel.swift */ = {isa = PBXFileReference; fileEncoding = 4; lastKnownFileType = sourcecode.swift; path = ChatViewModel.swift; sourceTree = "<group>"; };
		3053F4242A92E02400046BD1 /* OpenAIService.swift */ = {isa = PBXFileReference; fileEncoding = 4; lastKnownFileType = sourcecode.swift; path = OpenAIService.swift; sourceTree = "<group>"; };
		3053F4262A92E03000046BD1 /* Constants.swift */ = {isa = PBXFileReference; fileEncoding = 4; lastKnownFileType = sourcecode.swift; path = Constants.swift; sourceTree = "<group>"; };
		3053F4282A92F72A00046BD1 /* InformationData.swift */ = {isa = PBXFileReference; fileEncoding = 4; lastKnownFileType = sourcecode.swift; path = InformationData.swift; sourceTree = "<group>"; };
		309755812AB53B1D00A3BBA2 /* SceneDelegate.swift */ = {isa = PBXFileReference; fileEncoding = 4; lastKnownFileType = sourcecode.swift; path = SceneDelegate.swift; sourceTree = "<group>"; };
		3097558A2AB53D1C00A3BBA2 /* Finalsnow2.mp4 */ = {isa = PBXFileReference; lastKnownFileType = file; path = Finalsnow2.mp4; sourceTree = "<group>"; };
		30AE2A3C2ABFBA6F00A9EA21 /* UserData.swift */ = {isa = PBXFileReference; fileEncoding = 4; lastKnownFileType = sourcecode.swift; path = UserData.swift; sourceTree = "<group>"; };
		30AE2A3E2ABFBA7B00A9EA21 /* ChatInListModel.swift */ = {isa = PBXFileReference; fileEncoding = 4; lastKnownFileType = sourcecode.swift; path = ChatInListModel.swift; sourceTree = "<group>"; };
		30AE2A422ABFBAAC00A9EA21 /* CheckInDataService.swift */ = {isa = PBXFileReference; fileEncoding = 4; lastKnownFileType = sourcecode.swift; name = CheckInDataService.swift; path = "../../../../Desktop/BACKUPFORSELFHELP/BACKUPFORSELFHELP/Self Help/DataProtocal/CheckInDataService.swift"; sourceTree = "<group>"; };
		30AE2A442ABFBAC100A9EA21 /* UserDataDataService.swift */ = {isa = PBXFileReference; fileEncoding = 4; lastKnownFileType = sourcecode.swift; path = UserDataDataService.swift; sourceTree = "<group>"; };
		30AE2A462ABFBBC300A9EA21 /* Anger.swift */ = {isa = PBXFileReference; fileEncoding = 4; lastKnownFileType = sourcecode.swift; path = Anger.swift; sourceTree = "<group>"; };
		30AE2A482ABFBBC700A9EA21 /* Anxiety.swift */ = {isa = PBXFileReference; fileEncoding = 4; lastKnownFileType = sourcecode.swift; path = Anxiety.swift; sourceTree = "<group>"; };
		30AE2A4A2ABFBBCC00A9EA21 /* Depression.swift */ = {isa = PBXFileReference; fileEncoding = 4; lastKnownFileType = sourcecode.swift; path = Depression.swift; sourceTree = "<group>"; };
		30AE2A4C2ABFBBD000A9EA21 /* Fear.swift */ = {isa = PBXFileReference; fileEncoding = 4; lastKnownFileType = sourcecode.swift; path = Fear.swift; sourceTree = "<group>"; };
		30AE2A4E2ABFBBD400A9EA21 /* Guilt.swift */ = {isa = PBXFileReference; fileEncoding = 4; lastKnownFileType = sourcecode.swift; path = Guilt.swift; sourceTree = "<group>"; };
		30AE2A502ABFBBD800A9EA21 /* LoopingPlayer.swift */ = {isa = PBXFileReference; fileEncoding = 4; lastKnownFileType = sourcecode.swift; path = LoopingPlayer.swift; sourceTree = "<group>"; };
		30AE2A522ABFBBDC00A9EA21 /* OnBoarding1.swift */ = {isa = PBXFileReference; fileEncoding = 4; lastKnownFileType = sourcecode.swift; path = OnBoarding1.swift; sourceTree = "<group>"; };
		30AE2A542ABFBBE300A9EA21 /* OnBoarding1Gender.swift */ = {isa = PBXFileReference; fileEncoding = 4; lastKnownFileType = sourcecode.swift; path = OnBoarding1Gender.swift; sourceTree = "<group>"; };
		30AE2A562ABFBBE700A9EA21 /* OnBoarding2.swift */ = {isa = PBXFileReference; fileEncoding = 4; lastKnownFileType = sourcecode.swift; path = OnBoarding2.swift; sourceTree = "<group>"; };
		30AE2A582ABFBBF000A9EA21 /* OnBoarding3.swift */ = {isa = PBXFileReference; fileEncoding = 4; lastKnownFileType = sourcecode.swift; path = OnBoarding3.swift; sourceTree = "<group>"; };
		30AE2A5A2ABFBBF800A9EA21 /* OnBoarding4.swift */ = {isa = PBXFileReference; fileEncoding = 4; lastKnownFileType = sourcecode.swift; path = OnBoarding4.swift; sourceTree = "<group>"; };
		30AE2A5C2ABFBBFC00A9EA21 /* OnBoarding5.swift */ = {isa = PBXFileReference; fileEncoding = 4; lastKnownFileType = sourcecode.swift; path = OnBoarding5.swift; sourceTree = "<group>"; };
		30AE2A5E2ABFBC0200A9EA21 /* OnBoarding6.swift */ = {isa = PBXFileReference; fileEncoding = 4; lastKnownFileType = sourcecode.swift; path = OnBoarding6.swift; sourceTree = "<group>"; };
		30AE2A602ABFBC0600A9EA21 /* OnBoardingControlView.swift */ = {isa = PBXFileReference; fileEncoding = 4; lastKnownFileType = sourcecode.swift; path = OnBoardingControlView.swift; sourceTree = "<group>"; };
		30AE2A622ABFBC0C00A9EA21 /* OnBoardingNextButton.swift */ = {isa = PBXFileReference; fileEncoding = 4; lastKnownFileType = sourcecode.swift; path = OnBoardingNextButton.swift; sourceTree = "<group>"; };
		30AE2A642ABFBC1100A9EA21 /* SelfHelpButton.swift */ = {isa = PBXFileReference; fileEncoding = 4; lastKnownFileType = sourcecode.swift; path = SelfHelpButton.swift; sourceTree = "<group>"; };
		30AE2A662ABFBC1500A9EA21 /* SelfHelpButton2Button.swift */ = {isa = PBXFileReference; fileEncoding = 4; lastKnownFileType = sourcecode.swift; path = SelfHelpButton2Button.swift; sourceTree = "<group>"; };
		30AE2A682ABFBC1900A9EA21 /* Shame.swift */ = {isa = PBXFileReference; fileEncoding = 4; lastKnownFileType = sourcecode.swift; path = Shame.swift; sourceTree = "<group>"; };
		30AE2A6A2ABFBC1E00A9EA21 /* Video.swift */ = {isa = PBXFileReference; fileEncoding = 4; lastKnownFileType = sourcecode.swift; path = Video.swift; sourceTree = "<group>"; };
		30AE2A6E2ABFBC5E00A9EA21 /* CheckInListView.swift */ = {isa = PBXFileReference; fileEncoding = 4; lastKnownFileType = sourcecode.swift; path = CheckInListView.swift; sourceTree = "<group>"; };
		30AE2A702ABFBC6200A9EA21 /* CreateCheckinView.swift */ = {isa = PBXFileReference; fileEncoding = 4; lastKnownFileType = sourcecode.swift; path = CreateCheckinView.swift; sourceTree = "<group>"; };
		30AE2A722ABFBC7400A9EA21 /* CheckInViewModel.swift */ = {isa = PBXFileReference; fileEncoding = 4; lastKnownFileType = sourcecode.swift; path = CheckInViewModel.swift; sourceTree = "<group>"; };
		30AE2A742ABFBC7800A9EA21 /* UserDataViewModel.swift */ = {isa = PBXFileReference; fileEncoding = 4; lastKnownFileType = sourcecode.swift; path = UserDataViewModel.swift; sourceTree = "<group>"; };
		30AE2A762ABFBD5800A9EA21 /* WhiteInputView.swift */ = {isa = PBXFileReference; fileEncoding = 4; lastKnownFileType = sourcecode.swift; path = WhiteInputView.swift; sourceTree = "<group>"; };
		30AE2A782ABFBEC200A9EA21 /* CheckInEdit.swift */ = {isa = PBXFileReference; lastKnownFileType = sourcecode.swift; path = CheckInEdit.swift; sourceTree = "<group>"; };
		30CCD84C2AC20E1B0058299C /* SettingsForBreatheAnimation.swift */ = {isa = PBXFileReference; fileEncoding = 4; lastKnownFileType = sourcecode.swift; path = SettingsForBreatheAnimation.swift; sourceTree = "<group>"; };
		30CCD84E2AC20E200058299C /* BreatheAnimationView.swift */ = {isa = PBXFileReference; fileEncoding = 4; lastKnownFileType = sourcecode.swift; path = BreatheAnimationView.swift; sourceTree = "<group>"; };
		30CCD8502AC20E240058299C /* BreathAnimationCategoryView.swift */ = {isa = PBXFileReference; fileEncoding = 4; lastKnownFileType = sourcecode.swift; path = BreathAnimationCategoryView.swift; sourceTree = "<group>"; };
		30CCD8542AC20E480058299C /* BreathAnimationPickerView.swift */ = {isa = PBXFileReference; fileEncoding = 4; lastKnownFileType = sourcecode.swift; path = BreathAnimationPickerView.swift; sourceTree = "<group>"; };
		30CCD8562AC20E660058299C /* FlowerView.swift */ = {isa = PBXFileReference; fileEncoding = 4; lastKnownFileType = sourcecode.swift; path = FlowerView.swift; sourceTree = "<group>"; };
		30CCD8582AC20E6E0058299C /* Transition+Extension.swift */ = {isa = PBXFileReference; fileEncoding = 4; lastKnownFileType = sourcecode.swift; path = "Transition+Extension.swift"; sourceTree = "<group>"; };
		30CCD85A2AC2113B0058299C /* WimHofBreatheSettings.swift */ = {isa = PBXFileReference; lastKnownFileType = sourcecode.swift; path = WimHofBreatheSettings.swift; sourceTree = "<group>"; };
		30CCD85C2AC214660058299C /* WimHofBreathAnimationView.swift */ = {isa = PBXFileReference; lastKnownFileType = sourcecode.swift; path = WimHofBreathAnimationView.swift; sourceTree = "<group>"; };
		30FD37952AA16BE70071F843 /* ChatListView.swift */ = {isa = PBXFileReference; lastKnownFileType = sourcecode.swift; path = ChatListView.swift; sourceTree = "<group>"; };
		A5787CE72ABBC65900973ACB /* AppDelegate.swift */ = {isa = PBXFileReference; lastKnownFileType = sourcecode.swift; path = AppDelegate.swift; sourceTree = "<group>"; };
		A5B64EA72AB66B5400ABEB3E /* cumFaceFlower.mov */ = {isa = PBXFileReference; lastKnownFileType = video.quicktime; path = cumFaceFlower.mov; sourceTree = "<group>"; };
		A5B64EAA2AB6736600ABEB3E /* pngSeq_00050.png */ = {isa = PBXFileReference; lastKnownFileType = image.png; path = pngSeq_00050.png; sourceTree = "<group>"; };
		A5B64EAB2AB6736600ABEB3E /* pngSeq_00044.png */ = {isa = PBXFileReference; lastKnownFileType = image.png; path = pngSeq_00044.png; sourceTree = "<group>"; };
		A5B64EAC2AB6736600ABEB3E /* pngSeq_00045.png */ = {isa = PBXFileReference; lastKnownFileType = image.png; path = pngSeq_00045.png; sourceTree = "<group>"; };
		A5B64EAD2AB6736600ABEB3E /* pngSeq_00051.png */ = {isa = PBXFileReference; lastKnownFileType = image.png; path = pngSeq_00051.png; sourceTree = "<group>"; };
		A5B64EAE2AB6736600ABEB3E /* pngSeq_00047.png */ = {isa = PBXFileReference; lastKnownFileType = image.png; path = pngSeq_00047.png; sourceTree = "<group>"; };
		A5B64EAF2AB6736600ABEB3E /* pngSeq_00053.png */ = {isa = PBXFileReference; lastKnownFileType = image.png; path = pngSeq_00053.png; sourceTree = "<group>"; };
		A5B64EB02AB6736600ABEB3E /* pngSeq_00052.png */ = {isa = PBXFileReference; lastKnownFileType = image.png; path = pngSeq_00052.png; sourceTree = "<group>"; };
		A5B64EB12AB6736600ABEB3E /* pngSeq_00046.png */ = {isa = PBXFileReference; lastKnownFileType = image.png; path = pngSeq_00046.png; sourceTree = "<group>"; };
		A5B64EB22AB6736600ABEB3E /* pngSeq_00042.png */ = {isa = PBXFileReference; lastKnownFileType = image.png; path = pngSeq_00042.png; sourceTree = "<group>"; };
		A5B64EB32AB6736600ABEB3E /* pngSeq_00056.png */ = {isa = PBXFileReference; lastKnownFileType = image.png; path = pngSeq_00056.png; sourceTree = "<group>"; };
		A5B64EB42AB6736600ABEB3E /* pngSeq_00057.png */ = {isa = PBXFileReference; lastKnownFileType = image.png; path = pngSeq_00057.png; sourceTree = "<group>"; };
		A5B64EB52AB6736600ABEB3E /* pngSeq_00043.png */ = {isa = PBXFileReference; lastKnownFileType = image.png; path = pngSeq_00043.png; sourceTree = "<group>"; };
		A5B64EB62AB6736600ABEB3E /* pngSeq_00055.png */ = {isa = PBXFileReference; lastKnownFileType = image.png; path = pngSeq_00055.png; sourceTree = "<group>"; };
		A5B64EB72AB6736600ABEB3E /* pngSeq_00041.png */ = {isa = PBXFileReference; lastKnownFileType = image.png; path = pngSeq_00041.png; sourceTree = "<group>"; };
		A5B64EB82AB6736600ABEB3E /* pngSeq_00069.png */ = {isa = PBXFileReference; lastKnownFileType = image.png; path = pngSeq_00069.png; sourceTree = "<group>"; };
		A5B64EB92AB6736600ABEB3E /* pngSeq_00068.png */ = {isa = PBXFileReference; lastKnownFileType = image.png; path = pngSeq_00068.png; sourceTree = "<group>"; };
		A5B64EBA2AB6736600ABEB3E /* pngSeq_00040.png */ = {isa = PBXFileReference; lastKnownFileType = image.png; path = pngSeq_00040.png; sourceTree = "<group>"; };
		A5B64EBB2AB6736600ABEB3E /* pngSeq_00054.png */ = {isa = PBXFileReference; lastKnownFileType = image.png; path = pngSeq_00054.png; sourceTree = "<group>"; };
		A5B64EBC2AB6736600ABEB3E /* pngSeq_00033.png */ = {isa = PBXFileReference; lastKnownFileType = image.png; path = pngSeq_00033.png; sourceTree = "<group>"; };
		A5B64EBD2AB6736600ABEB3E /* pngSeq_00027.png */ = {isa = PBXFileReference; lastKnownFileType = image.png; path = pngSeq_00027.png; sourceTree = "<group>"; };
		A5B64EBE2AB6736600ABEB3E /* pngSeq_00026.png */ = {isa = PBXFileReference; lastKnownFileType = image.png; path = pngSeq_00026.png; sourceTree = "<group>"; };
		A5B64EBF2AB6736600ABEB3E /* pngSeq_00032.png */ = {isa = PBXFileReference; lastKnownFileType = image.png; path = pngSeq_00032.png; sourceTree = "<group>"; };
		A5B64EC02AB6736600ABEB3E /* pngSeq_00018.png */ = {isa = PBXFileReference; lastKnownFileType = image.png; path = pngSeq_00018.png; sourceTree = "<group>"; };
		A5B64EC12AB6736600ABEB3E /* pngSeq_00024.png */ = {isa = PBXFileReference; lastKnownFileType = image.png; path = pngSeq_00024.png; sourceTree = "<group>"; };
		A5B64EC22AB6736600ABEB3E /* pngSeq_00030.png */ = {isa = PBXFileReference; lastKnownFileType = image.png; path = pngSeq_00030.png; sourceTree = "<group>"; };
		A5B64EC32AB6736600ABEB3E /* pngSeq_00031.png */ = {isa = PBXFileReference; lastKnownFileType = image.png; path = pngSeq_00031.png; sourceTree = "<group>"; };
		A5B64EC42AB6736600ABEB3E /* pngSeq_00025.png */ = {isa = PBXFileReference; lastKnownFileType = image.png; path = pngSeq_00025.png; sourceTree = "<group>"; };
		A5B64EC52AB6736600ABEB3E /* pngSeq_00019.png */ = {isa = PBXFileReference; lastKnownFileType = image.png; path = pngSeq_00019.png; sourceTree = "<group>"; };
		A5B64EC62AB6736600ABEB3E /* pngSeq_00021.png */ = {isa = PBXFileReference; lastKnownFileType = image.png; path = pngSeq_00021.png; sourceTree = "<group>"; };
		A5B64EC72AB6736600ABEB3E /* pngSeq_00035.png */ = {isa = PBXFileReference; lastKnownFileType = image.png; path = pngSeq_00035.png; sourceTree = "<group>"; };
		A5B64EC82AB6736600ABEB3E /* pngSeq_00009.png */ = {isa = PBXFileReference; lastKnownFileType = image.png; path = pngSeq_00009.png; sourceTree = "<group>"; };
		A5B64EC92AB6736600ABEB3E /* pngSeq_00008.png */ = {isa = PBXFileReference; lastKnownFileType = image.png; path = pngSeq_00008.png; sourceTree = "<group>"; };
		A5B64ECA2AB6736600ABEB3E /* pngSeq_00034.png */ = {isa = PBXFileReference; lastKnownFileType = image.png; path = pngSeq_00034.png; sourceTree = "<group>"; };
		A5B64ECB2AB6736600ABEB3E /* pngSeq_00020.png */ = {isa = PBXFileReference; lastKnownFileType = image.png; path = pngSeq_00020.png; sourceTree = "<group>"; };
		A5B64ECC2AB6736600ABEB3E /* pngSeq_00036.png */ = {isa = PBXFileReference; lastKnownFileType = image.png; path = pngSeq_00036.png; sourceTree = "<group>"; };
		A5B64ECD2AB6736600ABEB3E /* pngSeq_00022.png */ = {isa = PBXFileReference; lastKnownFileType = image.png; path = pngSeq_00022.png; sourceTree = "<group>"; };
		A5B64ECE2AB6736600ABEB3E /* pngSeq_00023.png */ = {isa = PBXFileReference; lastKnownFileType = image.png; path = pngSeq_00023.png; sourceTree = "<group>"; };
		A5B64ECF2AB6736600ABEB3E /* pngSeq_00037.png */ = {isa = PBXFileReference; lastKnownFileType = image.png; path = pngSeq_00037.png; sourceTree = "<group>"; };
		A5B64ED02AB6736600ABEB3E /* pngSeq_00012.png */ = {isa = PBXFileReference; lastKnownFileType = image.png; path = pngSeq_00012.png; sourceTree = "<group>"; };
		A5B64ED12AB6736600ABEB3E /* pngSeq_00006.png */ = {isa = PBXFileReference; lastKnownFileType = image.png; path = pngSeq_00006.png; sourceTree = "<group>"; };
		A5B64ED22AB6736600ABEB3E /* pngSeq_00007.png */ = {isa = PBXFileReference; lastKnownFileType = image.png; path = pngSeq_00007.png; sourceTree = "<group>"; };
		A5B64ED32AB6736600ABEB3E /* pngSeq_00013.png */ = {isa = PBXFileReference; lastKnownFileType = image.png; path = pngSeq_00013.png; sourceTree = "<group>"; };
		A5B64ED42AB6736600ABEB3E /* pngSeq_00039.png */ = {isa = PBXFileReference; lastKnownFileType = image.png; path = pngSeq_00039.png; sourceTree = "<group>"; };
		A5B64ED52AB6736600ABEB3E /* pngSeq_00005.png */ = {isa = PBXFileReference; lastKnownFileType = image.png; path = pngSeq_00005.png; sourceTree = "<group>"; };
		A5B64ED62AB6736600ABEB3E /* pngSeq_00011.png */ = {isa = PBXFileReference; lastKnownFileType = image.png; path = pngSeq_00011.png; sourceTree = "<group>"; };
		A5B64ED72AB6736600ABEB3E /* pngSeq_00010.png */ = {isa = PBXFileReference; lastKnownFileType = image.png; path = pngSeq_00010.png; sourceTree = "<group>"; };
		A5B64ED82AB6736600ABEB3E /* pngSeq_00004.png */ = {isa = PBXFileReference; lastKnownFileType = image.png; path = pngSeq_00004.png; sourceTree = "<group>"; };
		A5B64ED92AB6736600ABEB3E /* pngSeq_00038.png */ = {isa = PBXFileReference; lastKnownFileType = image.png; path = pngSeq_00038.png; sourceTree = "<group>"; };
		A5B64EDA2AB6736600ABEB3E /* pngSeq_00000.png */ = {isa = PBXFileReference; lastKnownFileType = image.png; path = pngSeq_00000.png; sourceTree = "<group>"; };
		A5B64EDB2AB6736600ABEB3E /* pngSeq_00014.png */ = {isa = PBXFileReference; lastKnownFileType = image.png; path = pngSeq_00014.png; sourceTree = "<group>"; };
		A5B64EDC2AB6736600ABEB3E /* pngSeq_00028.png */ = {isa = PBXFileReference; lastKnownFileType = image.png; path = pngSeq_00028.png; sourceTree = "<group>"; };
		A5B64EDD2AB6736600ABEB3E /* pngSeq_00029.png */ = {isa = PBXFileReference; lastKnownFileType = image.png; path = pngSeq_00029.png; sourceTree = "<group>"; };
		A5B64EDE2AB6736600ABEB3E /* pngSeq_00015.png */ = {isa = PBXFileReference; lastKnownFileType = image.png; path = pngSeq_00015.png; sourceTree = "<group>"; };
		A5B64EDF2AB6736600ABEB3E /* pngSeq_00001.png */ = {isa = PBXFileReference; lastKnownFileType = image.png; path = pngSeq_00001.png; sourceTree = "<group>"; };
		A5B64EE02AB6736600ABEB3E /* pngSeq_00017.png */ = {isa = PBXFileReference; lastKnownFileType = image.png; path = pngSeq_00017.png; sourceTree = "<group>"; };
		A5B64EE12AB6736600ABEB3E /* pngSeq_00003.png */ = {isa = PBXFileReference; lastKnownFileType = image.png; path = pngSeq_00003.png; sourceTree = "<group>"; };
		A5B64EE22AB6736600ABEB3E /* pngSeq_00002.png */ = {isa = PBXFileReference; lastKnownFileType = image.png; path = pngSeq_00002.png; sourceTree = "<group>"; };
		A5B64EE32AB6736600ABEB3E /* pngSeq_00016.png */ = {isa = PBXFileReference; lastKnownFileType = image.png; path = pngSeq_00016.png; sourceTree = "<group>"; };
		A5B64EE42AB6736600ABEB3E /* pngSeq_00059.png */ = {isa = PBXFileReference; lastKnownFileType = image.png; path = pngSeq_00059.png; sourceTree = "<group>"; };
		A5B64EE52AB6736600ABEB3E /* pngSeq_00071.png */ = {isa = PBXFileReference; lastKnownFileType = image.png; path = pngSeq_00071.png; sourceTree = "<group>"; };
		A5B64EE62AB6736600ABEB3E /* pngSeq_00065.png */ = {isa = PBXFileReference; lastKnownFileType = image.png; path = pngSeq_00065.png; sourceTree = "<group>"; };
		A5B64EE72AB6736600ABEB3E /* pngSeq_00064.png */ = {isa = PBXFileReference; lastKnownFileType = image.png; path = pngSeq_00064.png; sourceTree = "<group>"; };
		A5B64EE82AB6736600ABEB3E /* pngSeq_00070.png */ = {isa = PBXFileReference; lastKnownFileType = image.png; path = pngSeq_00070.png; sourceTree = "<group>"; };
		A5B64EE92AB6736600ABEB3E /* pngSeq_00058.png */ = {isa = PBXFileReference; lastKnownFileType = image.png; path = pngSeq_00058.png; sourceTree = "<group>"; };
		A5B64EEA2AB6736600ABEB3E /* pngSeq_00066.png */ = {isa = PBXFileReference; lastKnownFileType = image.png; path = pngSeq_00066.png; sourceTree = "<group>"; };
		A5B64EEB2AB6736600ABEB3E /* pngSeq_00067.png */ = {isa = PBXFileReference; lastKnownFileType = image.png; path = pngSeq_00067.png; sourceTree = "<group>"; };
		A5B64EEC2AB6736600ABEB3E /* pngSeq_00063.png */ = {isa = PBXFileReference; lastKnownFileType = image.png; path = pngSeq_00063.png; sourceTree = "<group>"; };
		A5B64EED2AB6736600ABEB3E /* pngSeq_00062.png */ = {isa = PBXFileReference; lastKnownFileType = image.png; path = pngSeq_00062.png; sourceTree = "<group>"; };
		A5B64EEE2AB6736600ABEB3E /* pngSeq_00060.png */ = {isa = PBXFileReference; lastKnownFileType = image.png; path = pngSeq_00060.png; sourceTree = "<group>"; };
		A5B64EEF2AB6736600ABEB3E /* pngSeq_00048.png */ = {isa = PBXFileReference; lastKnownFileType = image.png; path = pngSeq_00048.png; sourceTree = "<group>"; };
		A5B64EF02AB6736600ABEB3E /* pngSeq_00049.png */ = {isa = PBXFileReference; lastKnownFileType = image.png; path = pngSeq_00049.png; sourceTree = "<group>"; };
		A5B64EF12AB6736600ABEB3E /* pngSeq_00061.png */ = {isa = PBXFileReference; lastKnownFileType = image.png; path = pngSeq_00061.png; sourceTree = "<group>"; };
/* End PBXFileReference section */

/* Begin PBXFrameworksBuildPhase section */
		3053F3A22A92B19B00046BD1 /* Frameworks */ = {
			isa = PBXFrameworksBuildPhase;
			buildActionMask = 2147483647;
			files = (
				3053F3EC2A92DC4C00046BD1 /* FirebasePerformance in Frameworks */,
				3053F3D42A92DC4800046BD1 /* FirebaseDatabase in Frameworks */,
				3053F3E22A92DC4A00046BD1 /* FirebaseFunctionsCombine-Community in Frameworks */,
				3053F3F22A92DC4D00046BD1 /* FirebaseStorage in Frameworks */,
				3053F3DA2A92DC4900046BD1 /* FirebaseFirestore in Frameworks */,
				3053F3C82A92DC4800046BD1 /* FirebaseAnalyticsSwift in Frameworks */,
				3053F3CA2A92DC4800046BD1 /* FirebaseAnalyticsWithoutAdIdSupport in Frameworks */,
				3053F3C42A92DC4800046BD1 /* FirebaseAnalytics in Frameworks */,
				3053F3EA2A92DC4B00046BD1 /* FirebaseMLModelDownloader in Frameworks */,
				3053F3DE2A92DC4900046BD1 /* FirebaseFirestoreSwift in Frameworks */,
				3053F3F02A92DC4C00046BD1 /* FirebaseRemoteConfigSwift in Frameworks */,
				3053F3C62A92DC4800046BD1 /* FirebaseAnalyticsOnDeviceConversion in Frameworks */,
				3053F3CC2A92DC4800046BD1 /* FirebaseAppCheck in Frameworks */,
				3053F3CE2A92DC4800046BD1 /* FirebaseAuth in Frameworks */,
				3053F3D22A92DC4800046BD1 /* FirebaseCrashlytics in Frameworks */,
				3053F3E42A92DC4A00046BD1 /* FirebaseInAppMessaging-Beta in Frameworks */,
				3053F3F42A92DC4D00046BD1 /* FirebaseStorageCombine-Community in Frameworks */,
				3053F3D62A92DC4900046BD1 /* FirebaseDatabaseSwift in Frameworks */,
				3053F3E02A92DC4A00046BD1 /* FirebaseFunctions in Frameworks */,
				3053F3C12A92DBA800046BD1 /* Alamofire in Frameworks */,
				3053F3D02A92DC4800046BD1 /* FirebaseAuthCombine-Community in Frameworks */,
				3053F3EE2A92DC4C00046BD1 /* FirebaseRemoteConfig in Frameworks */,
				3053F3E62A92DC4B00046BD1 /* FirebaseInAppMessagingSwift-Beta in Frameworks */,
				3053F3F92A92DC9C00046BD1 /* GoogleSignInSwift in Frameworks */,
				3053F3D82A92DC4900046BD1 /* FirebaseDynamicLinks in Frameworks */,
				3053F3DC2A92DC4900046BD1 /* FirebaseFirestoreCombine-Community in Frameworks */,
				3053F3E82A92DC4B00046BD1 /* FirebaseInstallations in Frameworks */,
				3053F3F72A92DC9C00046BD1 /* GoogleSignIn in Frameworks */,
			);
			runOnlyForDeploymentPostprocessing = 0;
		};
/* End PBXFrameworksBuildPhase section */

/* Begin PBXGroup section */
		303513592A9C2D8A00C432FF /* Breathe */ = {
			isa = PBXGroup;
			children = (
				30CCD8542AC20E480058299C /* BreathAnimationPickerView.swift */,
				30CCD8502AC20E240058299C /* BreathAnimationCategoryView.swift */,
				30CCD84E2AC20E200058299C /* BreatheAnimationView.swift */,
				30CCD84C2AC20E1B0058299C /* SettingsForBreatheAnimation.swift */,
				30CCD8562AC20E660058299C /* FlowerView.swift */,
				30CCD8582AC20E6E0058299C /* Transition+Extension.swift */,
				30CCD85A2AC2113B0058299C /* WimHofBreatheSettings.swift */,
				30CCD85C2AC214660058299C /* WimHofBreathAnimationView.swift */,
			);
			path = Breathe;
			sourceTree = "<group>";
		};
		3053F39C2A92B19B00046BD1 = {
			isa = PBXGroup;
			children = (
				A5787CE72ABBC65900973ACB /* AppDelegate.swift */,
				3053F3A72A92B19B00046BD1 /* Self Help */,
				3053F3A62A92B19B00046BD1 /* Products */,
			);
			sourceTree = "<group>";
		};
		3053F3A62A92B19B00046BD1 /* Products */ = {
			isa = PBXGroup;
			children = (
				3053F3A52A92B19B00046BD1 /* Self Help.app */,
			);
			name = Products;
			sourceTree = "<group>";
		};
		3053F3A72A92B19B00046BD1 /* Self Help */ = {
			isa = PBXGroup;
			children = (
				309755892AB53D0D00A3BBA2 /* Assets */,
				3053F3BE2A92DB8D00046BD1 /* Helper */,
				3053F3B72A92DAA000046BD1 /* Components */,
				3053F3B82A92DAAA00046BD1 /* Views */,
				30B0371F2AA826B100BA25D5 /* DataProtocal */,
				30B0371C2AA8262900BA25D5 /* Models */,
				3053F3A82A92B19B00046BD1 /* Self_HelpApp.swift */,
				3053F3AA2A92B19B00046BD1 /* ContentView.swift */,
				3053F4112A92DE6A00046BD1 /* GoogleService-Info.plist */,
				3053F3AC2A92B19C00046BD1 /* Assets.xcassets */,
				A5B64EA92AB6736600ABEB3E /* Comp 1 */,
			);
			path = "Self Help";
			sourceTree = "<group>";
		};
		3053F3B62A92DA9C00046BD1 /* User */ = {
			isa = PBXGroup;
			children = (
				3053F4132A92DEE600046BD1 /* User.swift */,
			);
			path = User;
			sourceTree = "<group>";
		};
		3053F3B72A92DAA000046BD1 /* Components */ = {
			isa = PBXGroup;
			children = (
				3053F3FE2A92DD0200046BD1 /* ShimmerEffect.swift */,
				3053F4002A92DD0900046BD1 /* SettingsRowView.swift */,
				3053F4022A92DD1100046BD1 /* InputView.swift */,
				30AE2A762ABFBD5800A9EA21 /* WhiteInputView.swift */,
			);
			path = Components;
			sourceTree = "<group>";
		};
		3053F3B82A92DAAA00046BD1 /* Views */ = {
			isa = PBXGroup;
			children = (
				30FD37972AA1775E0071F843 /* UserOnBoarding */,
				3053F3B92A92DAAF00046BD1 /* Auth */,
				3053F41F2A92DFFE00046BD1 /* Home */,
				303513592A9C2D8A00C432FF /* Breathe */,
				3053F41C2A92DFCA00046BD1 /* Calendar */,
				3053F4152A92DF0800046BD1 /* TabView */,
				A5B64EA72AB66B5400ABEB3E /* cumFaceFlower.mov */,
				3053F40E2A92DD4700046BD1 /* Profile */,
			);
			path = Views;
			sourceTree = "<group>";
		};
		3053F3B92A92DAAF00046BD1 /* Auth */ = {
			isa = PBXGroup;
			children = (
				3053F3BA2A92DAE000046BD1 /* AuthModel */,
				3053F3BB2A92DAE800046BD1 /* AuthView */,
			);
			path = Auth;
			sourceTree = "<group>";
		};
		3053F3BA2A92DAE000046BD1 /* AuthModel */ = {
			isa = PBXGroup;
			children = (
				3053F3BC2A92DB0B00046BD1 /* AuthViewModel.swift */,
			);
			path = AuthModel;
			sourceTree = "<group>";
		};
		3053F3BB2A92DAE800046BD1 /* AuthView */ = {
			isa = PBXGroup;
			children = (
				3053F4042A92DD2200046BD1 /* RegistrationView.swift */,
				3053F4062A92DD2800046BD1 /* GoogleSiginBtn.swift */,
				3053F4082A92DD2D00046BD1 /* SinginViewMOdel.swift */,
				3053F40A2A92DD3200046BD1 /* LoginView.swift */,
				3053F40C2A92DD3600046BD1 /* ForgotPassword.swift */,
			);
			path = AuthView;
			sourceTree = "<group>";
		};
		3053F3BE2A92DB8D00046BD1 /* Helper */ = {
			isa = PBXGroup;
			children = (
				3053F3FA2A92DCB600046BD1 /* +View.swift */,
				309755812AB53B1D00A3BBA2 /* SceneDelegate.swift */,
				3053F3FC2A92DCBD00046BD1 /* FirebAuth.swift */,
			);
			path = Helper;
			sourceTree = "<group>";
		};
		3053F40E2A92DD4700046BD1 /* Profile */ = {
			isa = PBXGroup;
			children = (
				3053F40F2A92DD5000046BD1 /* ProfileView.swift */,
			);
			path = Profile;
			sourceTree = "<group>";
		};
		3053F4152A92DF0800046BD1 /* TabView */ = {
			isa = PBXGroup;
			children = (
				3053F4162A92DF2B00046BD1 /* Home.swift */,
				3053F4182A92DF3000046BD1 /* TabModel.swift */,
				3053F41A2A92DF3400046BD1 /* TabPosition.swift */,
			);
			path = TabView;
			sourceTree = "<group>";
		};
		3053F41C2A92DFCA00046BD1 /* Calendar */ = {
			isa = PBXGroup;
			children = (
				30AE2A6E2ABFBC5E00A9EA21 /* CheckInListView.swift */,
				30AE2A782ABFBEC200A9EA21 /* CheckInEdit.swift */,
				30AE2A702ABFBC6200A9EA21 /* CreateCheckinView.swift */,
				30B0371E2AA8266800BA25D5 /* CalendarViewModel */,
			);
			path = Calendar;
			sourceTree = "<group>";
		};
		3053F41F2A92DFFE00046BD1 /* Home */ = {
			isa = PBXGroup;
			children = (
				3053F4202A92E01100046BD1 /* ChatView.swift */,
				30FD37952AA16BE70071F843 /* ChatListView.swift */,
				303513602A9C3C9200C432FF /* DataViewModel.swift */,
				3053F4222A92E01800046BD1 /* ChatViewModel.swift */,
				3053F4242A92E02400046BD1 /* OpenAIService.swift */,
				3053F4262A92E03000046BD1 /* Constants.swift */,
				3053F4282A92F72A00046BD1 /* InformationData.swift */,
				3035135E2A9C365900C432FF /* ChatViewData.swift */,
			);
			path = Home;
			sourceTree = "<group>";
		};
		309755892AB53D0D00A3BBA2 /* Assets */ = {
			isa = PBXGroup;
			children = (
				3097558A2AB53D1C00A3BBA2 /* Finalsnow2.mp4 */,
			);
			path = Assets;
			sourceTree = "<group>";
		};
		30B0371C2AA8262900BA25D5 /* Models */ = {
			isa = PBXGroup;
			children = (
				30B0371D2AA8263B00BA25D5 /* CheckIN */,
				3053F3B62A92DA9C00046BD1 /* User */,
			);
			path = Models;
			sourceTree = "<group>";
		};
		30B0371D2AA8263B00BA25D5 /* CheckIN */ = {
			isa = PBXGroup;
			children = (
				30AE2A3E2ABFBA7B00A9EA21 /* ChatInListModel.swift */,
				30AE2A3C2ABFBA6F00A9EA21 /* UserData.swift */,
			);
			path = CheckIN;
			sourceTree = "<group>";
		};
		30B0371E2AA8266800BA25D5 /* CalendarViewModel */ = {
			isa = PBXGroup;
			children = (
				30AE2A722ABFBC7400A9EA21 /* CheckInViewModel.swift */,
				30AE2A742ABFBC7800A9EA21 /* UserDataViewModel.swift */,
			);
			path = CalendarViewModel;
			sourceTree = "<group>";
		};
		30B0371F2AA826B100BA25D5 /* DataProtocal */ = {
			isa = PBXGroup;
			children = (
				30AE2A422ABFBAAC00A9EA21 /* CheckInDataService.swift */,
				30AE2A442ABFBAC100A9EA21 /* UserDataDataService.swift */,
			);
			path = DataProtocal;
			sourceTree = "<group>";
		};
		30FD37972AA1775E0071F843 /* UserOnBoarding */ = {
			isa = PBXGroup;
			children = (
				30AE2A462ABFBBC300A9EA21 /* Anger.swift */,
				30AE2A482ABFBBC700A9EA21 /* Anxiety.swift */,
				30AE2A4A2ABFBBCC00A9EA21 /* Depression.swift */,
				30AE2A4C2ABFBBD000A9EA21 /* Fear.swift */,
				30AE2A4E2ABFBBD400A9EA21 /* Guilt.swift */,
				30AE2A502ABFBBD800A9EA21 /* LoopingPlayer.swift */,
				30AE2A522ABFBBDC00A9EA21 /* OnBoarding1.swift */,
				30AE2A542ABFBBE300A9EA21 /* OnBoarding1Gender.swift */,
				30AE2A562ABFBBE700A9EA21 /* OnBoarding2.swift */,
				30AE2A582ABFBBF000A9EA21 /* OnBoarding3.swift */,
				30AE2A5A2ABFBBF800A9EA21 /* OnBoarding4.swift */,
				30AE2A5C2ABFBBFC00A9EA21 /* OnBoarding5.swift */,
				30AE2A5E2ABFBC0200A9EA21 /* OnBoarding6.swift */,
				30AE2A602ABFBC0600A9EA21 /* OnBoardingControlView.swift */,
				30AE2A622ABFBC0C00A9EA21 /* OnBoardingNextButton.swift */,
				30AE2A642ABFBC1100A9EA21 /* SelfHelpButton.swift */,
				30AE2A662ABFBC1500A9EA21 /* SelfHelpButton2Button.swift */,
				30AE2A682ABFBC1900A9EA21 /* Shame.swift */,
				30AE2A6A2ABFBC1E00A9EA21 /* Video.swift */,
			);
			path = UserOnBoarding;
			sourceTree = "<group>";
		};
		A5B64EA92AB6736600ABEB3E /* Comp 1 */ = {
			isa = PBXGroup;
			children = (
				A5B64EAA2AB6736600ABEB3E /* pngSeq_00050.png */,
				A5B64EAB2AB6736600ABEB3E /* pngSeq_00044.png */,
				A5B64EAC2AB6736600ABEB3E /* pngSeq_00045.png */,
				A5B64EAD2AB6736600ABEB3E /* pngSeq_00051.png */,
				A5B64EAE2AB6736600ABEB3E /* pngSeq_00047.png */,
				A5B64EAF2AB6736600ABEB3E /* pngSeq_00053.png */,
				A5B64EB02AB6736600ABEB3E /* pngSeq_00052.png */,
				A5B64EB12AB6736600ABEB3E /* pngSeq_00046.png */,
				A5B64EB22AB6736600ABEB3E /* pngSeq_00042.png */,
				A5B64EB32AB6736600ABEB3E /* pngSeq_00056.png */,
				A5B64EB42AB6736600ABEB3E /* pngSeq_00057.png */,
				A5B64EB52AB6736600ABEB3E /* pngSeq_00043.png */,
				A5B64EB62AB6736600ABEB3E /* pngSeq_00055.png */,
				A5B64EB72AB6736600ABEB3E /* pngSeq_00041.png */,
				A5B64EB82AB6736600ABEB3E /* pngSeq_00069.png */,
				A5B64EB92AB6736600ABEB3E /* pngSeq_00068.png */,
				A5B64EBA2AB6736600ABEB3E /* pngSeq_00040.png */,
				A5B64EBB2AB6736600ABEB3E /* pngSeq_00054.png */,
				A5B64EBC2AB6736600ABEB3E /* pngSeq_00033.png */,
				A5B64EBD2AB6736600ABEB3E /* pngSeq_00027.png */,
				A5B64EBE2AB6736600ABEB3E /* pngSeq_00026.png */,
				A5B64EBF2AB6736600ABEB3E /* pngSeq_00032.png */,
				A5B64EC02AB6736600ABEB3E /* pngSeq_00018.png */,
				A5B64EC12AB6736600ABEB3E /* pngSeq_00024.png */,
				A5B64EC22AB6736600ABEB3E /* pngSeq_00030.png */,
				A5B64EC32AB6736600ABEB3E /* pngSeq_00031.png */,
				A5B64EC42AB6736600ABEB3E /* pngSeq_00025.png */,
				A5B64EC52AB6736600ABEB3E /* pngSeq_00019.png */,
				A5B64EC62AB6736600ABEB3E /* pngSeq_00021.png */,
				A5B64EC72AB6736600ABEB3E /* pngSeq_00035.png */,
				A5B64EC82AB6736600ABEB3E /* pngSeq_00009.png */,
				A5B64EC92AB6736600ABEB3E /* pngSeq_00008.png */,
				A5B64ECA2AB6736600ABEB3E /* pngSeq_00034.png */,
				A5B64ECB2AB6736600ABEB3E /* pngSeq_00020.png */,
				A5B64ECC2AB6736600ABEB3E /* pngSeq_00036.png */,
				A5B64ECD2AB6736600ABEB3E /* pngSeq_00022.png */,
				A5B64ECE2AB6736600ABEB3E /* pngSeq_00023.png */,
				A5B64ECF2AB6736600ABEB3E /* pngSeq_00037.png */,
				A5B64ED02AB6736600ABEB3E /* pngSeq_00012.png */,
				A5B64ED12AB6736600ABEB3E /* pngSeq_00006.png */,
				A5B64ED22AB6736600ABEB3E /* pngSeq_00007.png */,
				A5B64ED32AB6736600ABEB3E /* pngSeq_00013.png */,
				A5B64ED42AB6736600ABEB3E /* pngSeq_00039.png */,
				A5B64ED52AB6736600ABEB3E /* pngSeq_00005.png */,
				A5B64ED62AB6736600ABEB3E /* pngSeq_00011.png */,
				A5B64ED72AB6736600ABEB3E /* pngSeq_00010.png */,
				A5B64ED82AB6736600ABEB3E /* pngSeq_00004.png */,
				A5B64ED92AB6736600ABEB3E /* pngSeq_00038.png */,
				A5B64EDA2AB6736600ABEB3E /* pngSeq_00000.png */,
				A5B64EDB2AB6736600ABEB3E /* pngSeq_00014.png */,
				A5B64EDC2AB6736600ABEB3E /* pngSeq_00028.png */,
				A5B64EDD2AB6736600ABEB3E /* pngSeq_00029.png */,
				A5B64EDE2AB6736600ABEB3E /* pngSeq_00015.png */,
				A5B64EDF2AB6736600ABEB3E /* pngSeq_00001.png */,
				A5B64EE02AB6736600ABEB3E /* pngSeq_00017.png */,
				A5B64EE12AB6736600ABEB3E /* pngSeq_00003.png */,
				A5B64EE22AB6736600ABEB3E /* pngSeq_00002.png */,
				A5B64EE32AB6736600ABEB3E /* pngSeq_00016.png */,
				A5B64EE42AB6736600ABEB3E /* pngSeq_00059.png */,
				A5B64EE52AB6736600ABEB3E /* pngSeq_00071.png */,
				A5B64EE62AB6736600ABEB3E /* pngSeq_00065.png */,
				A5B64EE72AB6736600ABEB3E /* pngSeq_00064.png */,
				A5B64EE82AB6736600ABEB3E /* pngSeq_00070.png */,
				A5B64EE92AB6736600ABEB3E /* pngSeq_00058.png */,
				A5B64EEA2AB6736600ABEB3E /* pngSeq_00066.png */,
				A5B64EEB2AB6736600ABEB3E /* pngSeq_00067.png */,
				A5B64EEC2AB6736600ABEB3E /* pngSeq_00063.png */,
				A5B64EED2AB6736600ABEB3E /* pngSeq_00062.png */,
				A5B64EEE2AB6736600ABEB3E /* pngSeq_00060.png */,
				A5B64EEF2AB6736600ABEB3E /* pngSeq_00048.png */,
				A5B64EF02AB6736600ABEB3E /* pngSeq_00049.png */,
				A5B64EF12AB6736600ABEB3E /* pngSeq_00061.png */,
			);
			path = "Comp 1";
			sourceTree = "<group>";
		};
/* End PBXGroup section */

/* Begin PBXNativeTarget section */
		3053F3A42A92B19B00046BD1 /* Self Help */ = {
			isa = PBXNativeTarget;
			buildConfigurationList = 3053F3B32A92B19C00046BD1 /* Build configuration list for PBXNativeTarget "Self Help" */;
			buildPhases = (
				3053F3A12A92B19B00046BD1 /* Sources */,
				3053F3A22A92B19B00046BD1 /* Frameworks */,
				3053F3A32A92B19B00046BD1 /* Resources */,
			);
			buildRules = (
			);
			dependencies = (
			);
			name = "Self Help";
			packageProductDependencies = (
				3053F3C02A92DBA800046BD1 /* Alamofire */,
				3053F3C32A92DC4800046BD1 /* FirebaseAnalytics */,
				3053F3C52A92DC4800046BD1 /* FirebaseAnalyticsOnDeviceConversion */,
				3053F3C72A92DC4800046BD1 /* FirebaseAnalyticsSwift */,
				3053F3C92A92DC4800046BD1 /* FirebaseAnalyticsWithoutAdIdSupport */,
				3053F3CB2A92DC4800046BD1 /* FirebaseAppCheck */,
				3053F3CD2A92DC4800046BD1 /* FirebaseAuth */,
				3053F3CF2A92DC4800046BD1 /* FirebaseAuthCombine-Community */,
				3053F3D12A92DC4800046BD1 /* FirebaseCrashlytics */,
				3053F3D32A92DC4800046BD1 /* FirebaseDatabase */,
				3053F3D52A92DC4900046BD1 /* FirebaseDatabaseSwift */,
				3053F3D72A92DC4900046BD1 /* FirebaseDynamicLinks */,
				3053F3D92A92DC4900046BD1 /* FirebaseFirestore */,
				3053F3DB2A92DC4900046BD1 /* FirebaseFirestoreCombine-Community */,
				3053F3DD2A92DC4900046BD1 /* FirebaseFirestoreSwift */,
				3053F3DF2A92DC4A00046BD1 /* FirebaseFunctions */,
				3053F3E12A92DC4A00046BD1 /* FirebaseFunctionsCombine-Community */,
				3053F3E32A92DC4A00046BD1 /* FirebaseInAppMessaging-Beta */,
				3053F3E52A92DC4B00046BD1 /* FirebaseInAppMessagingSwift-Beta */,
				3053F3E72A92DC4B00046BD1 /* FirebaseInstallations */,
				3053F3E92A92DC4B00046BD1 /* FirebaseMLModelDownloader */,
				3053F3EB2A92DC4C00046BD1 /* FirebasePerformance */,
				3053F3ED2A92DC4C00046BD1 /* FirebaseRemoteConfig */,
				3053F3EF2A92DC4C00046BD1 /* FirebaseRemoteConfigSwift */,
				3053F3F12A92DC4D00046BD1 /* FirebaseStorage */,
				3053F3F32A92DC4D00046BD1 /* FirebaseStorageCombine-Community */,
				3053F3F62A92DC9C00046BD1 /* GoogleSignIn */,
				3053F3F82A92DC9C00046BD1 /* GoogleSignInSwift */,
			);
			productName = "Self Help";
			productReference = 3053F3A52A92B19B00046BD1 /* Self Help.app */;
			productType = "com.apple.product-type.application";
		};
/* End PBXNativeTarget section */

/* Begin PBXProject section */
		3053F39D2A92B19B00046BD1 /* Project object */ = {
			isa = PBXProject;
			attributes = {
				BuildIndependentTargetsInParallel = 1;
				LastSwiftUpdateCheck = 1430;
				LastUpgradeCheck = 1430;
				TargetAttributes = {
					3053F3A42A92B19B00046BD1 = {
						CreatedOnToolsVersion = 14.3.1;
						LastSwiftMigration = 1430;
					};
				};
			};
			buildConfigurationList = 3053F3A02A92B19B00046BD1 /* Build configuration list for PBXProject "Self Help" */;
			compatibilityVersion = "Xcode 14.0";
			developmentRegion = en;
			hasScannedForEncodings = 0;
			knownRegions = (
				en,
				Base,
			);
			mainGroup = 3053F39C2A92B19B00046BD1;
			packageReferences = (
				3053F3BF2A92DBA800046BD1 /* XCRemoteSwiftPackageReference "Alamofire" */,
				3053F3C22A92DC4800046BD1 /* XCRemoteSwiftPackageReference "firebase-ios-sdk" */,
				3053F3F52A92DC9C00046BD1 /* XCRemoteSwiftPackageReference "GoogleSignIn-iOS" */,
			);
			productRefGroup = 3053F3A62A92B19B00046BD1 /* Products */;
			projectDirPath = "";
			projectRoot = "";
			targets = (
				3053F3A42A92B19B00046BD1 /* Self Help */,
			);
		};
/* End PBXProject section */

/* Begin PBXResourcesBuildPhase section */
		3053F3A32A92B19B00046BD1 /* Resources */ = {
			isa = PBXResourcesBuildPhase;
			buildActionMask = 2147483647;
			files = (
				A5B64F322AB6736600ABEB3E /* pngSeq_00066.png in Resources */,
				A5B64F232AB6736600ABEB3E /* pngSeq_00014.png in Resources */,
				A5B64F1E2AB6736600ABEB3E /* pngSeq_00011.png in Resources */,
				A5B64F1F2AB6736600ABEB3E /* pngSeq_00010.png in Resources */,
				A5B64EFA2AB6736600ABEB3E /* pngSeq_00042.png in Resources */,
				A5B64F152AB6736600ABEB3E /* pngSeq_00022.png in Resources */,
				A5B64F222AB6736600ABEB3E /* pngSeq_00000.png in Resources */,
				A5B64EF92AB6736600ABEB3E /* pngSeq_00046.png in Resources */,
				3097558B2AB53D1C00A3BBA2 /* Finalsnow2.mp4 in Resources */,
				A5B64EF42AB6736600ABEB3E /* pngSeq_00045.png in Resources */,
				A5B64F072AB6736600ABEB3E /* pngSeq_00032.png in Resources */,
				A5B64F2A2AB6736600ABEB3E /* pngSeq_00002.png in Resources */,
				A5B64F262AB6736600ABEB3E /* pngSeq_00015.png in Resources */,
				A5B64F382AB6736600ABEB3E /* pngSeq_00049.png in Resources */,
				A5B64F332AB6736600ABEB3E /* pngSeq_00067.png in Resources */,
				A5B64F242AB6736600ABEB3E /* pngSeq_00028.png in Resources */,
				A5B64F112AB6736600ABEB3E /* pngSeq_00008.png in Resources */,
				A5B64F2C2AB6736600ABEB3E /* pngSeq_00059.png in Resources */,
				A5B64F0F2AB6736600ABEB3E /* pngSeq_00035.png in Resources */,
				A5B64F362AB6736600ABEB3E /* pngSeq_00060.png in Resources */,
				A5B64F312AB6736600ABEB3E /* pngSeq_00058.png in Resources */,
				A5B64F252AB6736600ABEB3E /* pngSeq_00029.png in Resources */,
				A5B64F2F2AB6736600ABEB3E /* pngSeq_00064.png in Resources */,
				A5B64F082AB6736600ABEB3E /* pngSeq_00018.png in Resources */,
				A5B64EFE2AB6736600ABEB3E /* pngSeq_00055.png in Resources */,
				A5B64F212AB6736600ABEB3E /* pngSeq_00038.png in Resources */,
				A5B64F0C2AB6736600ABEB3E /* pngSeq_00025.png in Resources */,
				A5B64F052AB6736600ABEB3E /* pngSeq_00027.png in Resources */,
				A5B64F352AB6736600ABEB3E /* pngSeq_00062.png in Resources */,
				A5B64EF22AB6736600ABEB3E /* pngSeq_00050.png in Resources */,
				A5B64EF32AB6736600ABEB3E /* pngSeq_00044.png in Resources */,
				A5B64F132AB6736600ABEB3E /* pngSeq_00020.png in Resources */,
				A5B64F122AB6736600ABEB3E /* pngSeq_00034.png in Resources */,
				A5B64EF72AB6736600ABEB3E /* pngSeq_00053.png in Resources */,
				A5B64F172AB6736600ABEB3E /* pngSeq_00037.png in Resources */,
				A5B64F202AB6736600ABEB3E /* pngSeq_00004.png in Resources */,
				A5B64F102AB6736600ABEB3E /* pngSeq_00009.png in Resources */,
				A5B64F032AB6736600ABEB3E /* pngSeq_00054.png in Resources */,
				A5B64F162AB6736600ABEB3E /* pngSeq_00023.png in Resources */,
				A5B64F2B2AB6736600ABEB3E /* pngSeq_00016.png in Resources */,
				A5B64F022AB6736600ABEB3E /* pngSeq_00040.png in Resources */,
				A5B64F1B2AB6736600ABEB3E /* pngSeq_00013.png in Resources */,
				A5B64EF52AB6736600ABEB3E /* pngSeq_00051.png in Resources */,
				A5B64F092AB6736600ABEB3E /* pngSeq_00024.png in Resources */,
				A5B64F1D2AB6736600ABEB3E /* pngSeq_00005.png in Resources */,
				A5B64F272AB6736600ABEB3E /* pngSeq_00001.png in Resources */,
				A5B64F0D2AB6736600ABEB3E /* pngSeq_00019.png in Resources */,
				A5B64F062AB6736600ABEB3E /* pngSeq_00026.png in Resources */,
				A5B64EF62AB6736600ABEB3E /* pngSeq_00047.png in Resources */,
				A5B64F1C2AB6736600ABEB3E /* pngSeq_00039.png in Resources */,
				A5B64F2E2AB6736600ABEB3E /* pngSeq_00065.png in Resources */,
				A5B64F282AB6736600ABEB3E /* pngSeq_00017.png in Resources */,
				A5B64F342AB6736600ABEB3E /* pngSeq_00063.png in Resources */,
				A5B64F292AB6736600ABEB3E /* pngSeq_00003.png in Resources */,
				A5B64EF82AB6736600ABEB3E /* pngSeq_00052.png in Resources */,
				A5B64F142AB6736600ABEB3E /* pngSeq_00036.png in Resources */,
				A5B64F372AB6736600ABEB3E /* pngSeq_00048.png in Resources */,
				A5B64F0B2AB6736600ABEB3E /* pngSeq_00031.png in Resources */,
				A5B64EFB2AB6736600ABEB3E /* pngSeq_00056.png in Resources */,
				A5B64F182AB6736600ABEB3E /* pngSeq_00012.png in Resources */,
				A5B64F2D2AB6736600ABEB3E /* pngSeq_00071.png in Resources */,
				3053F4122A92DE6A00046BD1 /* GoogleService-Info.plist in Resources */,
				A5B64F0E2AB6736600ABEB3E /* pngSeq_00021.png in Resources */,
				A5B64F302AB6736600ABEB3E /* pngSeq_00070.png in Resources */,
				A5B64EFF2AB6736600ABEB3E /* pngSeq_00041.png in Resources */,
				A5B64EFC2AB6736600ABEB3E /* pngSeq_00057.png in Resources */,
				A5B64F002AB6736600ABEB3E /* pngSeq_00069.png in Resources */,
				A5B64F012AB6736600ABEB3E /* pngSeq_00068.png in Resources */,
				A5B64F0A2AB6736600ABEB3E /* pngSeq_00030.png in Resources */,
				A5B64F192AB6736600ABEB3E /* pngSeq_00006.png in Resources */,
				3053F3AD2A92B19C00046BD1 /* Assets.xcassets in Resources */,
				A5B64F392AB6736600ABEB3E /* pngSeq_00061.png in Resources */,
				A5B64EA82AB66B5400ABEB3E /* cumFaceFlower.mov in Resources */,
				A5B64F1A2AB6736600ABEB3E /* pngSeq_00007.png in Resources */,
				A5B64F042AB6736600ABEB3E /* pngSeq_00033.png in Resources */,
				A5B64EFD2AB6736600ABEB3E /* pngSeq_00043.png in Resources */,
			);
			runOnlyForDeploymentPostprocessing = 0;
		};
/* End PBXResourcesBuildPhase section */

/* Begin PBXSourcesBuildPhase section */
		3053F3A12A92B19B00046BD1 /* Sources */ = {
			isa = PBXSourcesBuildPhase;
			buildActionMask = 2147483647;
			files = (
				3053F4092A92DD2D00046BD1 /* SinginViewMOdel.swift in Sources */,
				30AE2A712ABFBC6300A9EA21 /* CreateCheckinView.swift in Sources */,
				30AE2A752ABFBC7800A9EA21 /* UserDataViewModel.swift in Sources */,
				30CCD85D2AC214660058299C /* WimHofBreathAnimationView.swift in Sources */,
				3053F4232A92E01800046BD1 /* ChatViewModel.swift in Sources */,
				30AE2A3D2ABFBA6F00A9EA21 /* UserData.swift in Sources */,
				303513612A9C3C9200C432FF /* DataViewModel.swift in Sources */,
				3053F3FB2A92DCB600046BD1 /* +View.swift in Sources */,
				3053F3FD2A92DCBD00046BD1 /* FirebAuth.swift in Sources */,
				30AE2A532ABFBBDC00A9EA21 /* OnBoarding1.swift in Sources */,
				30AE2A732ABFBC7400A9EA21 /* CheckInViewModel.swift in Sources */,
				30AE2A592ABFBBF000A9EA21 /* OnBoarding3.swift in Sources */,
				3053F3AB2A92B19B00046BD1 /* ContentView.swift in Sources */,
				30CCD85B2AC2113B0058299C /* WimHofBreatheSettings.swift in Sources */,
				3053F4052A92DD2200046BD1 /* RegistrationView.swift in Sources */,
				30CCD8512AC20E240058299C /* BreathAnimationCategoryView.swift in Sources */,
				3053F4272A92E03000046BD1 /* Constants.swift in Sources */,
				3053F4192A92DF3000046BD1 /* TabModel.swift in Sources */,
				3053F3A92A92B19B00046BD1 /* Self_HelpApp.swift in Sources */,
				30AE2A452ABFBAC100A9EA21 /* UserDataDataService.swift in Sources */,
				3053F40B2A92DD3200046BD1 /* LoginView.swift in Sources */,
				30AE2A5F2ABFBC0200A9EA21 /* OnBoarding6.swift in Sources */,
				3053F41B2A92DF3400046BD1 /* TabPosition.swift in Sources */,
				A5787CE82ABBC65900973ACB /* AppDelegate.swift in Sources */,
				30CCD8552AC20E480058299C /* BreathAnimationPickerView.swift in Sources */,
				3053F4292A92F72A00046BD1 /* InformationData.swift in Sources */,
				3053F3FF2A92DD0200046BD1 /* ShimmerEffect.swift in Sources */,
				30AE2A432ABFBAAC00A9EA21 /* CheckInDataService.swift in Sources */,
				30AE2A6B2ABFBC1E00A9EA21 /* Video.swift in Sources */,
				3053F4142A92DEE600046BD1 /* User.swift in Sources */,
				3053F4032A92DD1100046BD1 /* InputView.swift in Sources */,
				309755822AB53B1D00A3BBA2 /* SceneDelegate.swift in Sources */,
				30AE2A4D2ABFBBD000A9EA21 /* Fear.swift in Sources */,
				30AE2A492ABFBBC700A9EA21 /* Anxiety.swift in Sources */,
				3053F4212A92E01100046BD1 /* ChatView.swift in Sources */,
				30AE2A5D2ABFBBFC00A9EA21 /* OnBoarding5.swift in Sources */,
				3053F3BD2A92DB0B00046BD1 /* AuthViewModel.swift in Sources */,
				30AE2A632ABFBC0C00A9EA21 /* OnBoardingNextButton.swift in Sources */,
				3053F40D2A92DD3600046BD1 /* ForgotPassword.swift in Sources */,
				3053F4252A92E02400046BD1 /* OpenAIService.swift in Sources */,
				30AE2A572ABFBBE700A9EA21 /* OnBoarding2.swift in Sources */,
				3053F4072A92DD2800046BD1 /* GoogleSiginBtn.swift in Sources */,
				30AE2A552ABFBBE300A9EA21 /* OnBoarding1Gender.swift in Sources */,
				30CCD84D2AC20E1B0058299C /* SettingsForBreatheAnimation.swift in Sources */,
				30AE2A652ABFBC1100A9EA21 /* SelfHelpButton.swift in Sources */,
				30AE2A792ABFBEC300A9EA21 /* CheckInEdit.swift in Sources */,
				3053F4102A92DD5000046BD1 /* ProfileView.swift in Sources */,
				30FD37962AA16BE70071F843 /* ChatListView.swift in Sources */,
				30AE2A5B2ABFBBF800A9EA21 /* OnBoarding4.swift in Sources */,
				30AE2A472ABFBBC300A9EA21 /* Anger.swift in Sources */,
				3053F4172A92DF2B00046BD1 /* Home.swift in Sources */,
				30CCD8572AC20E660058299C /* FlowerView.swift in Sources */,
				3035135F2A9C365900C432FF /* ChatViewData.swift in Sources */,
				30CCD84F2AC20E200058299C /* BreatheAnimationView.swift in Sources */,
				30AE2A612ABFBC0600A9EA21 /* OnBoardingControlView.swift in Sources */,
				30AE2A772ABFBD5800A9EA21 /* WhiteInputView.swift in Sources */,
				30AE2A6F2ABFBC5E00A9EA21 /* CheckInListView.swift in Sources */,
				30AE2A3F2ABFBA7B00A9EA21 /* ChatInListModel.swift in Sources */,
				30AE2A672ABFBC1500A9EA21 /* SelfHelpButton2Button.swift in Sources */,
				30CCD8592AC20E6E0058299C /* Transition+Extension.swift in Sources */,
				3053F4012A92DD0900046BD1 /* SettingsRowView.swift in Sources */,
				30AE2A692ABFBC1900A9EA21 /* Shame.swift in Sources */,
				30AE2A4B2ABFBBCC00A9EA21 /* Depression.swift in Sources */,
				30AE2A4F2ABFBBD400A9EA21 /* Guilt.swift in Sources */,
				30AE2A512ABFBBD800A9EA21 /* LoopingPlayer.swift in Sources */,
			);
			runOnlyForDeploymentPostprocessing = 0;
		};
/* End PBXSourcesBuildPhase section */

/* Begin XCBuildConfiguration section */
		3053F3B12A92B19C00046BD1 /* Debug */ = {
			isa = XCBuildConfiguration;
			buildSettings = {
				ALWAYS_SEARCH_USER_PATHS = NO;
				CLANG_ANALYZER_NONNULL = YES;
				CLANG_ANALYZER_NUMBER_OBJECT_CONVERSION = YES_AGGRESSIVE;
				CLANG_CXX_LANGUAGE_STANDARD = "gnu++20";
				CLANG_ENABLE_MODULES = YES;
				CLANG_ENABLE_OBJC_ARC = YES;
				CLANG_ENABLE_OBJC_WEAK = YES;
				CLANG_WARN_BLOCK_CAPTURE_AUTORELEASING = YES;
				CLANG_WARN_BOOL_CONVERSION = YES;
				CLANG_WARN_COMMA = YES;
				CLANG_WARN_CONSTANT_CONVERSION = YES;
				CLANG_WARN_DEPRECATED_OBJC_IMPLEMENTATIONS = YES;
				CLANG_WARN_DIRECT_OBJC_ISA_USAGE = YES_ERROR;
				CLANG_WARN_DOCUMENTATION_COMMENTS = YES;
				CLANG_WARN_EMPTY_BODY = YES;
				CLANG_WARN_ENUM_CONVERSION = YES;
				CLANG_WARN_INFINITE_RECURSION = YES;
				CLANG_WARN_INT_CONVERSION = YES;
				CLANG_WARN_NON_LITERAL_NULL_CONVERSION = YES;
				CLANG_WARN_OBJC_IMPLICIT_RETAIN_SELF = YES;
				CLANG_WARN_OBJC_LITERAL_CONVERSION = YES;
				CLANG_WARN_OBJC_ROOT_CLASS = YES_ERROR;
				CLANG_WARN_QUOTED_INCLUDE_IN_FRAMEWORK_HEADER = YES;
				CLANG_WARN_RANGE_LOOP_ANALYSIS = YES;
				CLANG_WARN_STRICT_PROTOTYPES = YES;
				CLANG_WARN_SUSPICIOUS_MOVE = YES;
				CLANG_WARN_UNGUARDED_AVAILABILITY = YES_AGGRESSIVE;
				CLANG_WARN_UNREACHABLE_CODE = YES;
				CLANG_WARN__DUPLICATE_METHOD_MATCH = YES;
				COPY_PHASE_STRIP = NO;
				DEBUG_INFORMATION_FORMAT = dwarf;
				ENABLE_STRICT_OBJC_MSGSEND = YES;
				ENABLE_TESTABILITY = YES;
				GCC_C_LANGUAGE_STANDARD = gnu11;
				GCC_DYNAMIC_NO_PIC = NO;
				GCC_NO_COMMON_BLOCKS = YES;
				GCC_OPTIMIZATION_LEVEL = 0;
				GCC_PREPROCESSOR_DEFINITIONS = (
					"DEBUG=1",
					"$(inherited)",
				);
				GCC_WARN_64_TO_32_BIT_CONVERSION = YES;
				GCC_WARN_ABOUT_RETURN_TYPE = YES_ERROR;
				GCC_WARN_UNDECLARED_SELECTOR = YES;
				GCC_WARN_UNINITIALIZED_AUTOS = YES_AGGRESSIVE;
				GCC_WARN_UNUSED_FUNCTION = YES;
				GCC_WARN_UNUSED_VARIABLE = YES;
				IPHONEOS_DEPLOYMENT_TARGET = 16.4;
				MTL_ENABLE_DEBUG_INFO = INCLUDE_SOURCE;
				MTL_FAST_MATH = YES;
				ONLY_ACTIVE_ARCH = YES;
				SDKROOT = iphoneos;
				SWIFT_ACTIVE_COMPILATION_CONDITIONS = DEBUG;
				SWIFT_OPTIMIZATION_LEVEL = "-Onone";
			};
			name = Debug;
		};
		3053F3B22A92B19C00046BD1 /* Release */ = {
			isa = XCBuildConfiguration;
			buildSettings = {
				ALWAYS_SEARCH_USER_PATHS = NO;
				CLANG_ANALYZER_NONNULL = YES;
				CLANG_ANALYZER_NUMBER_OBJECT_CONVERSION = YES_AGGRESSIVE;
				CLANG_CXX_LANGUAGE_STANDARD = "gnu++20";
				CLANG_ENABLE_MODULES = YES;
				CLANG_ENABLE_OBJC_ARC = YES;
				CLANG_ENABLE_OBJC_WEAK = YES;
				CLANG_WARN_BLOCK_CAPTURE_AUTORELEASING = YES;
				CLANG_WARN_BOOL_CONVERSION = YES;
				CLANG_WARN_COMMA = YES;
				CLANG_WARN_CONSTANT_CONVERSION = YES;
				CLANG_WARN_DEPRECATED_OBJC_IMPLEMENTATIONS = YES;
				CLANG_WARN_DIRECT_OBJC_ISA_USAGE = YES_ERROR;
				CLANG_WARN_DOCUMENTATION_COMMENTS = YES;
				CLANG_WARN_EMPTY_BODY = YES;
				CLANG_WARN_ENUM_CONVERSION = YES;
				CLANG_WARN_INFINITE_RECURSION = YES;
				CLANG_WARN_INT_CONVERSION = YES;
				CLANG_WARN_NON_LITERAL_NULL_CONVERSION = YES;
				CLANG_WARN_OBJC_IMPLICIT_RETAIN_SELF = YES;
				CLANG_WARN_OBJC_LITERAL_CONVERSION = YES;
				CLANG_WARN_OBJC_ROOT_CLASS = YES_ERROR;
				CLANG_WARN_QUOTED_INCLUDE_IN_FRAMEWORK_HEADER = YES;
				CLANG_WARN_RANGE_LOOP_ANALYSIS = YES;
				CLANG_WARN_STRICT_PROTOTYPES = YES;
				CLANG_WARN_SUSPICIOUS_MOVE = YES;
				CLANG_WARN_UNGUARDED_AVAILABILITY = YES_AGGRESSIVE;
				CLANG_WARN_UNREACHABLE_CODE = YES;
				CLANG_WARN__DUPLICATE_METHOD_MATCH = YES;
				COPY_PHASE_STRIP = NO;
				DEBUG_INFORMATION_FORMAT = "dwarf-with-dsym";
				ENABLE_NS_ASSERTIONS = NO;
				ENABLE_STRICT_OBJC_MSGSEND = YES;
				GCC_C_LANGUAGE_STANDARD = gnu11;
				GCC_NO_COMMON_BLOCKS = YES;
				GCC_WARN_64_TO_32_BIT_CONVERSION = YES;
				GCC_WARN_ABOUT_RETURN_TYPE = YES_ERROR;
				GCC_WARN_UNDECLARED_SELECTOR = YES;
				GCC_WARN_UNINITIALIZED_AUTOS = YES_AGGRESSIVE;
				GCC_WARN_UNUSED_FUNCTION = YES;
				GCC_WARN_UNUSED_VARIABLE = YES;
				IPHONEOS_DEPLOYMENT_TARGET = 16.4;
				MTL_ENABLE_DEBUG_INFO = NO;
				MTL_FAST_MATH = YES;
				SDKROOT = iphoneos;
				SWIFT_COMPILATION_MODE = wholemodule;
				SWIFT_OPTIMIZATION_LEVEL = "-O";
				VALIDATE_PRODUCT = YES;
			};
			name = Release;
		};
		3053F3B42A92B19C00046BD1 /* Debug */ = {
			isa = XCBuildConfiguration;
			buildSettings = {
				ASSETCATALOG_COMPILER_APPICON_NAME = AppIcon;
				ASSETCATALOG_COMPILER_GLOBAL_ACCENT_COLOR_NAME = AccentColor;
				CLANG_ENABLE_MODULES = YES;
				CODE_SIGN_STYLE = Automatic;
				CURRENT_PROJECT_VERSION = 1;
				ENABLE_PREVIEWS = YES;
				GENERATE_INFOPLIST_FILE = YES;
				INFOPLIST_KEY_UIApplicationSceneManifest_Generation = YES;
				INFOPLIST_KEY_UIApplicationSupportsIndirectInputEvents = YES;
				INFOPLIST_KEY_UILaunchScreen_Generation = YES;
				INFOPLIST_KEY_UISupportedInterfaceOrientations_iPad = "UIInterfaceOrientationPortrait UIInterfaceOrientationPortraitUpsideDown UIInterfaceOrientationLandscapeLeft UIInterfaceOrientationLandscapeRight";
				INFOPLIST_KEY_UISupportedInterfaceOrientations_iPhone = "UIInterfaceOrientationPortrait UIInterfaceOrientationLandscapeLeft UIInterfaceOrientationLandscapeRight";
				LD_RUNPATH_SEARCH_PATHS = (
					"$(inherited)",
					"@executable_path/Frameworks",
				);
				MARKETING_VERSION = 1.0;
				PRODUCT_BUNDLE_IDENTIFIER = "com.MaxMeyer.wordz.Self-Help";
				PRODUCT_NAME = "$(TARGET_NAME)";
				SWIFT_EMIT_LOC_STRINGS = YES;
				SWIFT_OPTIMIZATION_LEVEL = "-Onone";
				SWIFT_VERSION = 5.0;
				TARGETED_DEVICE_FAMILY = "1,2";
			};
			name = Debug;
		};
		3053F3B52A92B19C00046BD1 /* Release */ = {
			isa = XCBuildConfiguration;
			buildSettings = {
				ASSETCATALOG_COMPILER_APPICON_NAME = AppIcon;
				ASSETCATALOG_COMPILER_GLOBAL_ACCENT_COLOR_NAME = AccentColor;
				CLANG_ENABLE_MODULES = YES;
				CODE_SIGN_STYLE = Automatic;
				CURRENT_PROJECT_VERSION = 1;
				ENABLE_PREVIEWS = YES;
				GENERATE_INFOPLIST_FILE = YES;
				INFOPLIST_KEY_UIApplicationSceneManifest_Generation = YES;
				INFOPLIST_KEY_UIApplicationSupportsIndirectInputEvents = YES;
				INFOPLIST_KEY_UILaunchScreen_Generation = YES;
				INFOPLIST_KEY_UISupportedInterfaceOrientations_iPad = "UIInterfaceOrientationPortrait UIInterfaceOrientationPortraitUpsideDown UIInterfaceOrientationLandscapeLeft UIInterfaceOrientationLandscapeRight";
				INFOPLIST_KEY_UISupportedInterfaceOrientations_iPhone = "UIInterfaceOrientationPortrait UIInterfaceOrientationLandscapeLeft UIInterfaceOrientationLandscapeRight";
				LD_RUNPATH_SEARCH_PATHS = (
					"$(inherited)",
					"@executable_path/Frameworks",
				);
				MARKETING_VERSION = 1.0;
				PRODUCT_BUNDLE_IDENTIFIER = "com.MaxMeyer.wordz.Self-Help";
				PRODUCT_NAME = "$(TARGET_NAME)";
				SWIFT_EMIT_LOC_STRINGS = YES;
				SWIFT_VERSION = 5.0;
				TARGETED_DEVICE_FAMILY = "1,2";
			};
			name = Release;
		};
/* End XCBuildConfiguration section */

/* Begin XCConfigurationList section */
		3053F3A02A92B19B00046BD1 /* Build configuration list for PBXProject "Self Help" */ = {
			isa = XCConfigurationList;
			buildConfigurations = (
				3053F3B12A92B19C00046BD1 /* Debug */,
				3053F3B22A92B19C00046BD1 /* Release */,
			);
			defaultConfigurationIsVisible = 0;
			defaultConfigurationName = Release;
		};
		3053F3B32A92B19C00046BD1 /* Build configuration list for PBXNativeTarget "Self Help" */ = {
			isa = XCConfigurationList;
			buildConfigurations = (
				3053F3B42A92B19C00046BD1 /* Debug */,
				3053F3B52A92B19C00046BD1 /* Release */,
			);
			defaultConfigurationIsVisible = 0;
			defaultConfigurationName = Release;
		};
/* End XCConfigurationList section */

/* Begin XCRemoteSwiftPackageReference section */
		3053F3BF2A92DBA800046BD1 /* XCRemoteSwiftPackageReference "Alamofire" */ = {
			isa = XCRemoteSwiftPackageReference;
			repositoryURL = "https://github.com/Alamofire/Alamofire.git";
			requirement = {
				kind = upToNextMajorVersion;
				minimumVersion = 5.0.0;
			};
		};
		3053F3C22A92DC4800046BD1 /* XCRemoteSwiftPackageReference "firebase-ios-sdk" */ = {
			isa = XCRemoteSwiftPackageReference;
			repositoryURL = "https://github.com/firebase/firebase-ios-sdk.git";
			requirement = {
				kind = upToNextMajorVersion;
				minimumVersion = 10.0.0;
			};
		};
		3053F3F52A92DC9C00046BD1 /* XCRemoteSwiftPackageReference "GoogleSignIn-iOS" */ = {
			isa = XCRemoteSwiftPackageReference;
			repositoryURL = "https://github.com/google/GoogleSignIn-iOS.git";
			requirement = {
				kind = exactVersion;
				version = 6.2.4;
			};
		};
/* End XCRemoteSwiftPackageReference section */

/* Begin XCSwiftPackageProductDependency section */
		3053F3C02A92DBA800046BD1 /* Alamofire */ = {
			isa = XCSwiftPackageProductDependency;
			package = 3053F3BF2A92DBA800046BD1 /* XCRemoteSwiftPackageReference "Alamofire" */;
			productName = Alamofire;
		};
		3053F3C32A92DC4800046BD1 /* FirebaseAnalytics */ = {
			isa = XCSwiftPackageProductDependency;
			package = 3053F3C22A92DC4800046BD1 /* XCRemoteSwiftPackageReference "firebase-ios-sdk" */;
			productName = FirebaseAnalytics;
		};
		3053F3C52A92DC4800046BD1 /* FirebaseAnalyticsOnDeviceConversion */ = {
			isa = XCSwiftPackageProductDependency;
			package = 3053F3C22A92DC4800046BD1 /* XCRemoteSwiftPackageReference "firebase-ios-sdk" */;
			productName = FirebaseAnalyticsOnDeviceConversion;
		};
		3053F3C72A92DC4800046BD1 /* FirebaseAnalyticsSwift */ = {
			isa = XCSwiftPackageProductDependency;
			package = 3053F3C22A92DC4800046BD1 /* XCRemoteSwiftPackageReference "firebase-ios-sdk" */;
			productName = FirebaseAnalyticsSwift;
		};
		3053F3C92A92DC4800046BD1 /* FirebaseAnalyticsWithoutAdIdSupport */ = {
			isa = XCSwiftPackageProductDependency;
			package = 3053F3C22A92DC4800046BD1 /* XCRemoteSwiftPackageReference "firebase-ios-sdk" */;
			productName = FirebaseAnalyticsWithoutAdIdSupport;
		};
		3053F3CB2A92DC4800046BD1 /* FirebaseAppCheck */ = {
			isa = XCSwiftPackageProductDependency;
			package = 3053F3C22A92DC4800046BD1 /* XCRemoteSwiftPackageReference "firebase-ios-sdk" */;
			productName = FirebaseAppCheck;
		};
		3053F3CD2A92DC4800046BD1 /* FirebaseAuth */ = {
			isa = XCSwiftPackageProductDependency;
			package = 3053F3C22A92DC4800046BD1 /* XCRemoteSwiftPackageReference "firebase-ios-sdk" */;
			productName = FirebaseAuth;
		};
		3053F3CF2A92DC4800046BD1 /* FirebaseAuthCombine-Community */ = {
			isa = XCSwiftPackageProductDependency;
			package = 3053F3C22A92DC4800046BD1 /* XCRemoteSwiftPackageReference "firebase-ios-sdk" */;
			productName = "FirebaseAuthCombine-Community";
		};
		3053F3D12A92DC4800046BD1 /* FirebaseCrashlytics */ = {
			isa = XCSwiftPackageProductDependency;
			package = 3053F3C22A92DC4800046BD1 /* XCRemoteSwiftPackageReference "firebase-ios-sdk" */;
			productName = FirebaseCrashlytics;
		};
		3053F3D32A92DC4800046BD1 /* FirebaseDatabase */ = {
			isa = XCSwiftPackageProductDependency;
			package = 3053F3C22A92DC4800046BD1 /* XCRemoteSwiftPackageReference "firebase-ios-sdk" */;
			productName = FirebaseDatabase;
		};
		3053F3D52A92DC4900046BD1 /* FirebaseDatabaseSwift */ = {
			isa = XCSwiftPackageProductDependency;
			package = 3053F3C22A92DC4800046BD1 /* XCRemoteSwiftPackageReference "firebase-ios-sdk" */;
			productName = FirebaseDatabaseSwift;
		};
		3053F3D72A92DC4900046BD1 /* FirebaseDynamicLinks */ = {
			isa = XCSwiftPackageProductDependency;
			package = 3053F3C22A92DC4800046BD1 /* XCRemoteSwiftPackageReference "firebase-ios-sdk" */;
			productName = FirebaseDynamicLinks;
		};
		3053F3D92A92DC4900046BD1 /* FirebaseFirestore */ = {
			isa = XCSwiftPackageProductDependency;
			package = 3053F3C22A92DC4800046BD1 /* XCRemoteSwiftPackageReference "firebase-ios-sdk" */;
			productName = FirebaseFirestore;
		};
		3053F3DB2A92DC4900046BD1 /* FirebaseFirestoreCombine-Community */ = {
			isa = XCSwiftPackageProductDependency;
			package = 3053F3C22A92DC4800046BD1 /* XCRemoteSwiftPackageReference "firebase-ios-sdk" */;
			productName = "FirebaseFirestoreCombine-Community";
		};
		3053F3DD2A92DC4900046BD1 /* FirebaseFirestoreSwift */ = {
			isa = XCSwiftPackageProductDependency;
			package = 3053F3C22A92DC4800046BD1 /* XCRemoteSwiftPackageReference "firebase-ios-sdk" */;
			productName = FirebaseFirestoreSwift;
		};
		3053F3DF2A92DC4A00046BD1 /* FirebaseFunctions */ = {
			isa = XCSwiftPackageProductDependency;
			package = 3053F3C22A92DC4800046BD1 /* XCRemoteSwiftPackageReference "firebase-ios-sdk" */;
			productName = FirebaseFunctions;
		};
		3053F3E12A92DC4A00046BD1 /* FirebaseFunctionsCombine-Community */ = {
			isa = XCSwiftPackageProductDependency;
			package = 3053F3C22A92DC4800046BD1 /* XCRemoteSwiftPackageReference "firebase-ios-sdk" */;
			productName = "FirebaseFunctionsCombine-Community";
		};
		3053F3E32A92DC4A00046BD1 /* FirebaseInAppMessaging-Beta */ = {
			isa = XCSwiftPackageProductDependency;
			package = 3053F3C22A92DC4800046BD1 /* XCRemoteSwiftPackageReference "firebase-ios-sdk" */;
			productName = "FirebaseInAppMessaging-Beta";
		};
		3053F3E52A92DC4B00046BD1 /* FirebaseInAppMessagingSwift-Beta */ = {
			isa = XCSwiftPackageProductDependency;
			package = 3053F3C22A92DC4800046BD1 /* XCRemoteSwiftPackageReference "firebase-ios-sdk" */;
			productName = "FirebaseInAppMessagingSwift-Beta";
		};
		3053F3E72A92DC4B00046BD1 /* FirebaseInstallations */ = {
			isa = XCSwiftPackageProductDependency;
			package = 3053F3C22A92DC4800046BD1 /* XCRemoteSwiftPackageReference "firebase-ios-sdk" */;
			productName = FirebaseInstallations;
		};
		3053F3E92A92DC4B00046BD1 /* FirebaseMLModelDownloader */ = {
			isa = XCSwiftPackageProductDependency;
			package = 3053F3C22A92DC4800046BD1 /* XCRemoteSwiftPackageReference "firebase-ios-sdk" */;
			productName = FirebaseMLModelDownloader;
		};
		3053F3EB2A92DC4C00046BD1 /* FirebasePerformance */ = {
			isa = XCSwiftPackageProductDependency;
			package = 3053F3C22A92DC4800046BD1 /* XCRemoteSwiftPackageReference "firebase-ios-sdk" */;
			productName = FirebasePerformance;
		};
		3053F3ED2A92DC4C00046BD1 /* FirebaseRemoteConfig */ = {
			isa = XCSwiftPackageProductDependency;
			package = 3053F3C22A92DC4800046BD1 /* XCRemoteSwiftPackageReference "firebase-ios-sdk" */;
			productName = FirebaseRemoteConfig;
		};
		3053F3EF2A92DC4C00046BD1 /* FirebaseRemoteConfigSwift */ = {
			isa = XCSwiftPackageProductDependency;
			package = 3053F3C22A92DC4800046BD1 /* XCRemoteSwiftPackageReference "firebase-ios-sdk" */;
			productName = FirebaseRemoteConfigSwift;
		};
		3053F3F12A92DC4D00046BD1 /* FirebaseStorage */ = {
			isa = XCSwiftPackageProductDependency;
			package = 3053F3C22A92DC4800046BD1 /* XCRemoteSwiftPackageReference "firebase-ios-sdk" */;
			productName = FirebaseStorage;
		};
		3053F3F32A92DC4D00046BD1 /* FirebaseStorageCombine-Community */ = {
			isa = XCSwiftPackageProductDependency;
			package = 3053F3C22A92DC4800046BD1 /* XCRemoteSwiftPackageReference "firebase-ios-sdk" */;
			productName = "FirebaseStorageCombine-Community";
		};
		3053F3F62A92DC9C00046BD1 /* GoogleSignIn */ = {
			isa = XCSwiftPackageProductDependency;
			package = 3053F3F52A92DC9C00046BD1 /* XCRemoteSwiftPackageReference "GoogleSignIn-iOS" */;
			productName = GoogleSignIn;
		};
		3053F3F82A92DC9C00046BD1 /* GoogleSignInSwift */ = {
			isa = XCSwiftPackageProductDependency;
			package = 3053F3F52A92DC9C00046BD1 /* XCRemoteSwiftPackageReference "GoogleSignIn-iOS" */;
			productName = GoogleSignInSwift;
		};
/* End XCSwiftPackageProductDependency section */
	};
	rootObject = 3053F39D2A92B19B00046BD1 /* Project object */;
}
